// !$*UTF8*$!
{
	archiveVersion = 1;
	classes = {
	};
	objectVersion = 45;
	objects = {

/* Begin PBXBuildFile section */
		1D3623260D0F684500981E51 /* AlphaEventsAppDelegate.m in Sources */ = {isa = PBXBuildFile; fileRef = 1D3623250D0F684500981E51 /* AlphaEventsAppDelegate.m */; };
		1D60589B0D05DD56006BFB54 /* main.m in Sources */ = {isa = PBXBuildFile; fileRef = 29B97316FDCFA39411CA2CEA /* main.m */; };
		1D60589F0D05DD5A006BFB54 /* Foundation.framework in Frameworks */ = {isa = PBXBuildFile; fileRef = 1D30AB110D05D00D00671497 /* Foundation.framework */; };
		1DF5F4E00D08C38300B7A737 /* UIKit.framework in Frameworks */ = {isa = PBXBuildFile; fileRef = 1DF5F4DF0D08C38300B7A737 /* UIKit.framework */; };
		1EDCA744116C04C30077F121 /* green_checkmark_off.png in Resources */ = {isa = PBXBuildFile; fileRef = 1EDCA742116C04C30077F121 /* green_checkmark_off.png */; };
		1EDCA745116C04C30077F121 /* green_checkmark_on.png in Resources */ = {isa = PBXBuildFile; fileRef = 1EDCA743116C04C30077F121 /* green_checkmark_on.png */; };
		1EDCA869116C07FF0077F121 /* AlphaEventsRootView.plist in Resources */ = {isa = PBXBuildFile; fileRef = 1EDCA867116C07FF0077F121 /* AlphaEventsRootView.plist */; };
		1EDCA86A116C07FF0077F121 /* AlphaEventsDetailView.plist in Resources */ = {isa = PBXBuildFile; fileRef = 1EDCA868116C07FF0077F121 /* AlphaEventsDetailView.plist */; };
		1EDCA872116C082E0077F121 /* Event.m in Sources */ = {isa = PBXBuildFile; fileRef = 1EDCA871116C082E0077F121 /* Event.m */; };
		1EDCA914116C12640077F121 /* AlphaEvents_InitialData.sqlite in Resources */ = {isa = PBXBuildFile; fileRef = 1EDCA913116C12640077F121 /* AlphaEvents_InitialData.sqlite */; };
		1EDCADBC116D72750077F121 /* DataController.m in Sources */ = {isa = PBXBuildFile; fileRef = 1EDCAD7B116D72750077F121 /* DataController.m */; };
		1EDCADBD116D72750077F121 /* NSManagedObjectContext+insert.m in Sources */ = {isa = PBXBuildFile; fileRef = 1EDCAD7D116D72750077F121 /* NSManagedObjectContext+insert.m */; };
		1EDCB4551173E8A10077F121 /* UIColor+MoreColors.m in Sources */ = {isa = PBXBuildFile; fileRef = 1EDCB41B1173E8A10077F121 /* UIColor+MoreColors.m */; };
		1EDCB4561173E8A10077F121 /* NSArray+Set.m in Sources */ = {isa = PBXBuildFile; fileRef = 1EDCB41D1173E8A10077F121 /* NSArray+Set.m */; };
		1EDCB4571173E8A10077F121 /* NSManagedObject+TypeOfProperty.m in Sources */ = {isa = PBXBuildFile; fileRef = 1EDCB41F1173E8A10077F121 /* NSManagedObject+TypeOfProperty.m */; };
		1EDCB4581173E8A10077F121 /* CDLUtilityMethods.m in Sources */ = {isa = PBXBuildFile; fileRef = 1EDCB4211173E8A10077F121 /* CDLUtilityMethods.m */; };
		1EDCB4591173E8A10077F121 /* CDLToManyRelationshipAddNewObjectTableRowController.m in Sources */ = {isa = PBXBuildFile; fileRef = 1EDCB43D1173E8A10077F121 /* CDLToManyRelationshipAddNewObjectTableRowController.m */; };
		1EDCB45A1173E8A10077F121 /* CDLToManyRelationshipAddNewObjectEditController.m in Sources */ = {isa = PBXBuildFile; fileRef = 1EDCB43E1173E8A10077F121 /* CDLToManyRelationshipAddNewObjectEditController.m */; };
		1EDCB45B1173E8A10077F121 /* CDLToManyRelationshipAddExistingObjectsEditController.m in Sources */ = {isa = PBXBuildFile; fileRef = 1EDCB43F1173E8A10077F121 /* CDLToManyRelationshipAddExistingObjectsEditController.m */; };
		1EDCB45C1173E8A10077F121 /* CDLToManyRelationshipTableRowController.m in Sources */ = {isa = PBXBuildFile; fileRef = 1EDCB4401173E8A10077F121 /* CDLToManyRelationshipTableRowController.m */; };
		1EDCB45D1173E8A10077F121 /* CDLToManyRelationshipAddExistingObjectsTableRowController.m in Sources */ = {isa = PBXBuildFile; fileRef = 1EDCB4411173E8A10077F121 /* CDLToManyRelationshipAddExistingObjectsTableRowController.m */; };
		1EDCB45E1173E8A10077F121 /* CDLToManyRelationshipSectionController.m in Sources */ = {isa = PBXBuildFile; fileRef = 1EDCB4421173E8A10077F121 /* CDLToManyRelationshipSectionController.m */; };
		1EDCB45F1173E8A10077F121 /* CDLToManyOrderedRelationshipEditController.m in Sources */ = {isa = PBXBuildFile; fileRef = 1EDCB4431173E8A10077F121 /* CDLToManyOrderedRelationshipEditController.m */; };
		1EDCB4601173E8A10077F121 /* CDLToOneRelationshipEditController.m in Sources */ = {isa = PBXBuildFile; fileRef = 1EDCB4441173E8A10077F121 /* CDLToOneRelationshipEditController.m */; };
		1EDCB4611173E8A10077F121 /* CDLDateFieldEditController.m in Sources */ = {isa = PBXBuildFile; fileRef = 1EDCB4451173E8A10077F121 /* CDLDateFieldEditController.m */; };
		1EDCB4621173E8A10077F121 /* CDLAbstractFieldEditController.m in Sources */ = {isa = PBXBuildFile; fileRef = 1EDCB4461173E8A10077F121 /* CDLAbstractFieldEditController.m */; };
		1EDCB4631173E8A10077F121 /* CDLTextFieldEditController.m in Sources */ = {isa = PBXBuildFile; fileRef = 1EDCB4471173E8A10077F121 /* CDLTextFieldEditController.m */; };
		1EDCB4641173E8A10077F121 /* CDLMultiLineTextFieldEditController.m in Sources */ = {isa = PBXBuildFile; fileRef = 1EDCB4481173E8A10077F121 /* CDLMultiLineTextFieldEditController.m */; };
		1EDCB4651173E8A10077F121 /* CDLAddViewController.m in Sources */ = {isa = PBXBuildFile; fileRef = 1EDCB4491173E8A10077F121 /* CDLAddViewController.m */; };
		1EDCB4661173E8A10077F121 /* CDLRootViewController.m in Sources */ = {isa = PBXBuildFile; fileRef = 1EDCB44A1173E8A10077F121 /* CDLRootViewController.m */; };
		1EDCB4671173E8A10077F121 /* CDLDetailViewController.m in Sources */ = {isa = PBXBuildFile; fileRef = 1EDCB44B1173E8A10077F121 /* CDLDetailViewController.m */; };
		1EDCB4681173E8A10077F121 /* CDLSingleLineTableRowController.m in Sources */ = {isa = PBXBuildFile; fileRef = 1EDCB44C1173E8A10077F121 /* CDLSingleLineTableRowController.m */; };
		1EDCB4691173E8A10077F121 /* CDLMultiLineTableRowController.m in Sources */ = {isa = PBXBuildFile; fileRef = 1EDCB44D1173E8A10077F121 /* CDLMultiLineTableRowController.m */; };
		1EDCB46A1173E8A10077F121 /* CDLBooleanTableRowController.m in Sources */ = {isa = PBXBuildFile; fileRef = 1EDCB44E1173E8A10077F121 /* CDLBooleanTableRowController.m */; };
		1EDCB46B1173E8A10077F121 /* CDLToManyOrderedRelationshipTableRowController.m in Sources */ = {isa = PBXBuildFile; fileRef = 1EDCB44F1173E8A10077F121 /* CDLToManyOrderedRelationshipTableRowController.m */; };
		1EDCB46C1173E8A10077F121 /* CDLToManyOrderedRelationshipAddTableRowController.m in Sources */ = {isa = PBXBuildFile; fileRef = 1EDCB4501173E8A10077F121 /* CDLToManyOrderedRelationshipAddTableRowController.m */; };
		1EDCB46D1173E8A10077F121 /* CDLRelationshipTableRowController.m in Sources */ = {isa = PBXBuildFile; fileRef = 1EDCB4511173E8A10077F121 /* CDLRelationshipTableRowController.m */; };
		1EDCB46E1173E8A10077F121 /* CDLTableSectionController.m in Sources */ = {isa = PBXBuildFile; fileRef = 1EDCB4521173E8A10077F121 /* CDLTableSectionController.m */; };
		1EDCB46F1173E8A10077F121 /* CDLTableRowController.m in Sources */ = {isa = PBXBuildFile; fileRef = 1EDCB4531173E8A10077F121 /* CDLTableRowController.m */; };
		1EDCB4701173E8A10077F121 /* CDLToManyOrderedRelationshipSectionController.m in Sources */ = {isa = PBXBuildFile; fileRef = 1EDCB4541173E8A10077F121 /* CDLToManyOrderedRelationshipSectionController.m */; };
		28860B770F44E54D00985440 /* AlphaEvents.xcdatamodel in Sources */ = {isa = PBXBuildFile; fileRef = 28860B760F44E54D00985440 /* AlphaEvents.xcdatamodel */; };
		28860BE50F44EE6400985440 /* CoreData.framework in Frameworks */ = {isa = PBXBuildFile; fileRef = 28860BE40F44EE6400985440 /* CoreData.framework */; };
		2892E4100DC94CBA00A64D0F /* CoreGraphics.framework in Frameworks */ = {isa = PBXBuildFile; fileRef = 2892E40F0DC94CBA00A64D0F /* CoreGraphics.framework */; };
		28AD73600D9D9599002E5188 /* MainWindow.xib in Resources */ = {isa = PBXBuildFile; fileRef = 28AD735F0D9D9599002E5188 /* MainWindow.xib */; };
/* End PBXBuildFile section */

/* Begin PBXFileReference section */
		1D30AB110D05D00D00671497 /* Foundation.framework */ = {isa = PBXFileReference; lastKnownFileType = wrapper.framework; name = Foundation.framework; path = System/Library/Frameworks/Foundation.framework; sourceTree = SDKROOT; };
		1D3623240D0F684500981E51 /* AlphaEventsAppDelegate.h */ = {isa = PBXFileReference; fileEncoding = 4; lastKnownFileType = sourcecode.c.h; path = AlphaEventsAppDelegate.h; sourceTree = "<group>"; };
		1D3623250D0F684500981E51 /* AlphaEventsAppDelegate.m */ = {isa = PBXFileReference; fileEncoding = 4; lastKnownFileType = sourcecode.c.objc; path = AlphaEventsAppDelegate.m; sourceTree = "<group>"; };
		1D6058910D05DD3D006BFB54 /* AlphaEvents.app */ = {isa = PBXFileReference; explicitFileType = wrapper.application; includeInIndex = 0; path = AlphaEvents.app; sourceTree = BUILT_PRODUCTS_DIR; };
		1DF5F4DF0D08C38300B7A737 /* UIKit.framework */ = {isa = PBXFileReference; lastKnownFileType = wrapper.framework; name = UIKit.framework; path = System/Library/Frameworks/UIKit.framework; sourceTree = SDKROOT; };
		1EDCA742116C04C30077F121 /* green_checkmark_off.png */ = {isa = PBXFileReference; lastKnownFileType = image.png; path = green_checkmark_off.png; sourceTree = "<group>"; };
		1EDCA743116C04C30077F121 /* green_checkmark_on.png */ = {isa = PBXFileReference; lastKnownFileType = image.png; path = green_checkmark_on.png; sourceTree = "<group>"; };
		1EDCA867116C07FF0077F121 /* AlphaEventsRootView.plist */ = {isa = PBXFileReference; fileEncoding = 4; lastKnownFileType = text.plist; path = AlphaEventsRootView.plist; sourceTree = "<group>"; };
		1EDCA868116C07FF0077F121 /* AlphaEventsDetailView.plist */ = {isa = PBXFileReference; fileEncoding = 4; lastKnownFileType = text.plist; path = AlphaEventsDetailView.plist; sourceTree = "<group>"; };
		1EDCA870116C082E0077F121 /* Event.h */ = {isa = PBXFileReference; fileEncoding = 4; lastKnownFileType = sourcecode.c.h; name = Event.h; path = ../Event.h; sourceTree = "<group>"; };
		1EDCA871116C082E0077F121 /* Event.m */ = {isa = PBXFileReference; fileEncoding = 4; lastKnownFileType = sourcecode.c.objc; name = Event.m; path = ../Event.m; sourceTree = "<group>"; };
		1EDCA913116C12640077F121 /* AlphaEvents_InitialData.sqlite */ = {isa = PBXFileReference; lastKnownFileType = file; name = AlphaEvents_InitialData.sqlite; path = Classes/AlphaEvents_InitialData.sqlite; sourceTree = "<group>"; };
		1EDCAD79116D72750077F121 /* SynthesizeSingleton.h */ = {isa = PBXFileReference; fileEncoding = 4; lastKnownFileType = sourcecode.c.h; path = SynthesizeSingleton.h; sourceTree = "<group>"; };
		1EDCAD7A116D72750077F121 /* DataController.h */ = {isa = PBXFileReference; fileEncoding = 4; lastKnownFileType = sourcecode.c.h; path = DataController.h; sourceTree = "<group>"; };
		1EDCAD7B116D72750077F121 /* DataController.m */ = {isa = PBXFileReference; fileEncoding = 4; lastKnownFileType = sourcecode.c.objc; path = DataController.m; sourceTree = "<group>"; };
		1EDCAD7C116D72750077F121 /* NSManagedObjectContext+insert.h */ = {isa = PBXFileReference; fileEncoding = 4; lastKnownFileType = sourcecode.c.h; path = "NSManagedObjectContext+insert.h"; sourceTree = "<group>"; };
		1EDCAD7D116D72750077F121 /* NSManagedObjectContext+insert.m */ = {isa = PBXFileReference; fileEncoding = 4; lastKnownFileType = sourcecode.c.objc; path = "NSManagedObjectContext+insert.m"; sourceTree = "<group>"; };
		1EDCAD7E116D72750077F121 /* CDLSectionBugFixProtocol.h */ = {isa = PBXFileReference; fileEncoding = 4; lastKnownFileType = sourcecode.c.h; path = CDLSectionBugFixProtocol.h; sourceTree = "<group>"; };
		1EDCB4161173E8A10077F121 /* CDLRootViewController.h */ = {isa = PBXFileReference; fileEncoding = 4; lastKnownFileType = sourcecode.c.h; name = CDLRootViewController.h; path = "../CoreDataLibrary Application/Classes/CDLRootViewController.h"; sourceTree = SOURCE_ROOT; };
		1EDCB4171173E8A10077F121 /* CDLDetailViewController.h */ = {isa = PBXFileReference; fileEncoding = 4; lastKnownFileType = sourcecode.c.h; name = CDLDetailViewController.h; path = "../CoreDataLibrary Application/Classes/CDLDetailViewController.h"; sourceTree = SOURCE_ROOT; };
		1EDCB4181173E8A10077F121 /* CDLAddViewController.h */ = {isa = PBXFileReference; fileEncoding = 4; lastKnownFileType = sourcecode.c.h; name = CDLAddViewController.h; path = "../CoreDataLibrary Application/Classes/CDLAddViewController.h"; sourceTree = SOURCE_ROOT; };
		1EDCB41A1173E8A10077F121 /* UIColor+MoreColors.h */ = {isa = PBXFileReference; fileEncoding = 4; lastKnownFileType = sourcecode.c.h; name = "UIColor+MoreColors.h"; path = "../CoreDataLibrary Application/Classes/UIColor+MoreColors.h"; sourceTree = SOURCE_ROOT; };
		1EDCB41B1173E8A10077F121 /* UIColor+MoreColors.m */ = {isa = PBXFileReference; fileEncoding = 4; lastKnownFileType = sourcecode.c.objc; name = "UIColor+MoreColors.m"; path = "../CoreDataLibrary Application/Classes/UIColor+MoreColors.m"; sourceTree = SOURCE_ROOT; };
		1EDCB41C1173E8A10077F121 /* NSArray+Set.h */ = {isa = PBXFileReference; fileEncoding = 4; lastKnownFileType = sourcecode.c.h; name = "NSArray+Set.h"; path = "../CoreDataLibrary Application/Classes/NSArray+Set.h"; sourceTree = SOURCE_ROOT; };
		1EDCB41D1173E8A10077F121 /* NSArray+Set.m */ = {isa = PBXFileReference; fileEncoding = 4; lastKnownFileType = sourcecode.c.objc; name = "NSArray+Set.m"; path = "../CoreDataLibrary Application/Classes/NSArray+Set.m"; sourceTree = SOURCE_ROOT; };
		1EDCB41E1173E8A10077F121 /* NSManagedObject+TypeOfProperty.h */ = {isa = PBXFileReference; fileEncoding = 4; lastKnownFileType = sourcecode.c.h; name = "NSManagedObject+TypeOfProperty.h"; path = "../CoreDataLibrary Application/Classes/NSManagedObject+TypeOfProperty.h"; sourceTree = SOURCE_ROOT; };
		1EDCB41F1173E8A10077F121 /* NSManagedObject+TypeOfProperty.m */ = {isa = PBXFileReference; fileEncoding = 4; lastKnownFileType = sourcecode.c.objc; name = "NSManagedObject+TypeOfProperty.m"; path = "../CoreDataLibrary Application/Classes/NSManagedObject+TypeOfProperty.m"; sourceTree = SOURCE_ROOT; };
		1EDCB4201173E8A10077F121 /* CDLUtilityMethods.h */ = {isa = PBXFileReference; fileEncoding = 4; lastKnownFileType = sourcecode.c.h; name = CDLUtilityMethods.h; path = "../CoreDataLibrary Application/Classes/CDLUtilityMethods.h"; sourceTree = SOURCE_ROOT; };
		1EDCB4211173E8A10077F121 /* CDLUtilityMethods.m */ = {isa = PBXFileReference; fileEncoding = 4; lastKnownFileType = sourcecode.c.objc; name = CDLUtilityMethods.m; path = "../CoreDataLibrary Application/Classes/CDLUtilityMethods.m"; sourceTree = SOURCE_ROOT; };
		1EDCB4231173E8A10077F121 /* CDLTableSectionController.h */ = {isa = PBXFileReference; fileEncoding = 4; lastKnownFileType = sourcecode.c.h; name = CDLTableSectionController.h; path = "../CoreDataLibrary Application/Classes/CDLTableSectionController.h"; sourceTree = SOURCE_ROOT; };
		1EDCB4241173E8A10077F121 /* CDLToManyOrderedRelationshipSectionController.h */ = {isa = PBXFileReference; fileEncoding = 4; lastKnownFileType = sourcecode.c.h; name = CDLToManyOrderedRelationshipSectionController.h; path = "../CoreDataLibrary Application/Classes/CDLToManyOrderedRelationshipSectionController.h"; sourceTree = SOURCE_ROOT; };
		1EDCB4251173E8A10077F121 /* CDLToManyRelationshipSectionController.h */ = {isa = PBXFileReference; fileEncoding = 4; lastKnownFileType = sourcecode.c.h; name = CDLToManyRelationshipSectionController.h; path = "../CoreDataLibrary Application/Classes/CDLToManyRelationshipSectionController.h"; sourceTree = SOURCE_ROOT; };
		1EDCB4271173E8A10077F121 /* CDLTableRowController.h */ = {isa = PBXFileReference; fileEncoding = 4; lastKnownFileType = sourcecode.c.h; name = CDLTableRowController.h; path = "../CoreDataLibrary Application/Classes/CDLTableRowController.h"; sourceTree = SOURCE_ROOT; };
		1EDCB4281173E8A10077F121 /* CDLRelationshipTableRowController.h */ = {isa = PBXFileReference; fileEncoding = 4; lastKnownFileType = sourcecode.c.h; name = CDLRelationshipTableRowController.h; path = "../CoreDataLibrary Application/Classes/CDLRelationshipTableRowController.h"; sourceTree = SOURCE_ROOT; };
		1EDCB4291173E8A10077F121 /* CDLSingleLineTableRowController.h */ = {isa = PBXFileReference; fileEncoding = 4; lastKnownFileType = sourcecode.c.h; name = CDLSingleLineTableRowController.h; path = "../CoreDataLibrary Application/Classes/CDLSingleLineTableRowController.h"; sourceTree = SOURCE_ROOT; };
		1EDCB42A1173E8A10077F121 /* CDLMultiLineTableRowController.h */ = {isa = PBXFileReference; fileEncoding = 4; lastKnownFileType = sourcecode.c.h; name = CDLMultiLineTableRowController.h; path = "../CoreDataLibrary Application/Classes/CDLMultiLineTableRowController.h"; sourceTree = SOURCE_ROOT; };
		1EDCB42B1173E8A10077F121 /* CDLBooleanTableRowController.h */ = {isa = PBXFileReference; fileEncoding = 4; lastKnownFileType = sourcecode.c.h; name = CDLBooleanTableRowController.h; path = "../CoreDataLibrary Application/Classes/CDLBooleanTableRowController.h"; sourceTree = SOURCE_ROOT; };
		1EDCB42D1173E8A10077F121 /* CDLToManyOrderedRelationshipTableRowController.h */ = {isa = PBXFileReference; fileEncoding = 4; lastKnownFileType = sourcecode.c.h; name = CDLToManyOrderedRelationshipTableRowController.h; path = "../CoreDataLibrary Application/Classes/CDLToManyOrderedRelationshipTableRowController.h"; sourceTree = SOURCE_ROOT; };
		1EDCB42E1173E8A10077F121 /* CDLToManyOrderedRelationshipAddTableRowController.h */ = {isa = PBXFileReference; fileEncoding = 4; lastKnownFileType = sourcecode.c.h; name = CDLToManyOrderedRelationshipAddTableRowController.h; path = "../CoreDataLibrary Application/Classes/CDLToManyOrderedRelationshipAddTableRowController.h"; sourceTree = SOURCE_ROOT; };
		1EDCB42F1173E8A10077F121 /* CDLToManyRelationshipTableRowController.h */ = {isa = PBXFileReference; fileEncoding = 4; lastKnownFileType = sourcecode.c.h; name = CDLToManyRelationshipTableRowController.h; path = "../CoreDataLibrary Application/Classes/CDLToManyRelationshipTableRowController.h"; sourceTree = SOURCE_ROOT; };
		1EDCB4301173E8A10077F121 /* CDLToManyRelationshipAddExistingObjectsTableRowController.h */ = {isa = PBXFileReference; fileEncoding = 4; lastKnownFileType = sourcecode.c.h; name = CDLToManyRelationshipAddExistingObjectsTableRowController.h; path = "../CoreDataLibrary Application/Classes/CDLToManyRelationshipAddExistingObjectsTableRowController.h"; sourceTree = SOURCE_ROOT; };
		1EDCB4311173E8A10077F121 /* CDLToManyRelationshipAddNewObjectTableRowController.h */ = {isa = PBXFileReference; fileEncoding = 4; lastKnownFileType = sourcecode.c.h; name = CDLToManyRelationshipAddNewObjectTableRowController.h; path = "../CoreDataLibrary Application/Classes/CDLToManyRelationshipAddNewObjectTableRowController.h"; sourceTree = SOURCE_ROOT; };
		1EDCB4331173E8A10077F121 /* CDLAbstractFieldEditController.h */ = {isa = PBXFileReference; fileEncoding = 4; lastKnownFileType = sourcecode.c.h; name = CDLAbstractFieldEditController.h; path = "../CoreDataLibrary Application/Classes/CDLAbstractFieldEditController.h"; sourceTree = SOURCE_ROOT; };
		1EDCB4341173E8A10077F121 /* CDLTextFieldEditController.h */ = {isa = PBXFileReference; fileEncoding = 4; lastKnownFileType = sourcecode.c.h; name = CDLTextFieldEditController.h; path = "../CoreDataLibrary Application/Classes/CDLTextFieldEditController.h"; sourceTree = SOURCE_ROOT; };
		1EDCB4351173E8A10077F121 /* CDLMultiLineTextFieldEditController.h */ = {isa = PBXFileReference; fileEncoding = 4; lastKnownFileType = sourcecode.c.h; name = CDLMultiLineTextFieldEditController.h; path = "../CoreDataLibrary Application/Classes/CDLMultiLineTextFieldEditController.h"; sourceTree = SOURCE_ROOT; };
		1EDCB4361173E8A10077F121 /* CDLDateFieldEditController.h */ = {isa = PBXFileReference; fileEncoding = 4; lastKnownFileType = sourcecode.c.h; name = CDLDateFieldEditController.h; path = "../CoreDataLibrary Application/Classes/CDLDateFieldEditController.h"; sourceTree = SOURCE_ROOT; };
		1EDCB4371173E8A10077F121 /* CDLToOneRelationshipEditController.h */ = {isa = PBXFileReference; fileEncoding = 4; lastKnownFileType = sourcecode.c.h; name = CDLToOneRelationshipEditController.h; path = "../CoreDataLibrary Application/Classes/CDLToOneRelationshipEditController.h"; sourceTree = SOURCE_ROOT; };
		1EDCB4391173E8A10077F121 /* CDLToManyOrderedRelationshipEditController.h */ = {isa = PBXFileReference; fileEncoding = 4; lastKnownFileType = sourcecode.c.h; name = CDLToManyOrderedRelationshipEditController.h; path = "../CoreDataLibrary Application/Classes/CDLToManyOrderedRelationshipEditController.h"; sourceTree = SOURCE_ROOT; };
		1EDCB43A1173E8A10077F121 /* CDLToManyRelationshipAddExistingObjectsEditController.h */ = {isa = PBXFileReference; fileEncoding = 4; lastKnownFileType = sourcecode.c.h; name = CDLToManyRelationshipAddExistingObjectsEditController.h; path = "../CoreDataLibrary Application/Classes/CDLToManyRelationshipAddExistingObjectsEditController.h"; sourceTree = SOURCE_ROOT; };
		1EDCB43B1173E8A10077F121 /* CDLToManyRelationshipAddNewObjectEditController.h */ = {isa = PBXFileReference; fileEncoding = 4; lastKnownFileType = sourcecode.c.h; name = CDLToManyRelationshipAddNewObjectEditController.h; path = "../CoreDataLibrary Application/Classes/CDLToManyRelationshipAddNewObjectEditController.h"; sourceTree = SOURCE_ROOT; };
		1EDCB43D1173E8A10077F121 /* CDLToManyRelationshipAddNewObjectTableRowController.m */ = {isa = PBXFileReference; fileEncoding = 4; lastKnownFileType = sourcecode.c.objc; name = CDLToManyRelationshipAddNewObjectTableRowController.m; path = "../CoreDataLibrary Application/Classes/CDLToManyRelationshipAddNewObjectTableRowController.m"; sourceTree = SOURCE_ROOT; };
		1EDCB43E1173E8A10077F121 /* CDLToManyRelationshipAddNewObjectEditController.m */ = {isa = PBXFileReference; fileEncoding = 4; lastKnownFileType = sourcecode.c.objc; name = CDLToManyRelationshipAddNewObjectEditController.m; path = "../CoreDataLibrary Application/Classes/CDLToManyRelationshipAddNewObjectEditController.m"; sourceTree = SOURCE_ROOT; };
		1EDCB43F1173E8A10077F121 /* CDLToManyRelationshipAddExistingObjectsEditController.m */ = {isa = PBXFileReference; fileEncoding = 4; lastKnownFileType = sourcecode.c.objc; name = CDLToManyRelationshipAddExistingObjectsEditController.m; path = "../CoreDataLibrary Application/Classes/CDLToManyRelationshipAddExistingObjectsEditController.m"; sourceTree = SOURCE_ROOT; };
		1EDCB4401173E8A10077F121 /* CDLToManyRelationshipTableRowController.m */ = {isa = PBXFileReference; fileEncoding = 4; lastKnownFileType = sourcecode.c.objc; name = CDLToManyRelationshipTableRowController.m; path = "../CoreDataLibrary Application/Classes/CDLToManyRelationshipTableRowController.m"; sourceTree = SOURCE_ROOT; };
		1EDCB4411173E8A10077F121 /* CDLToManyRelationshipAddExistingObjectsTableRowController.m */ = {isa = PBXFileReference; fileEncoding = 4; lastKnownFileType = sourcecode.c.objc; name = CDLToManyRelationshipAddExistingObjectsTableRowController.m; path = "../CoreDataLibrary Application/Classes/CDLToManyRelationshipAddExistingObjectsTableRowController.m"; sourceTree = SOURCE_ROOT; };
		1EDCB4421173E8A10077F121 /* CDLToManyRelationshipSectionController.m */ = {isa = PBXFileReference; fileEncoding = 4; lastKnownFileType = sourcecode.c.objc; name = CDLToManyRelationshipSectionController.m; path = "../CoreDataLibrary Application/Classes/CDLToManyRelationshipSectionController.m"; sourceTree = SOURCE_ROOT; };
		1EDCB4431173E8A10077F121 /* CDLToManyOrderedRelationshipEditController.m */ = {isa = PBXFileReference; fileEncoding = 4; lastKnownFileType = sourcecode.c.objc; name = CDLToManyOrderedRelationshipEditController.m; path = "../CoreDataLibrary Application/Classes/CDLToManyOrderedRelationshipEditController.m"; sourceTree = SOURCE_ROOT; };
		1EDCB4441173E8A10077F121 /* CDLToOneRelationshipEditController.m */ = {isa = PBXFileReference; fileEncoding = 4; lastKnownFileType = sourcecode.c.objc; name = CDLToOneRelationshipEditController.m; path = "../CoreDataLibrary Application/Classes/CDLToOneRelationshipEditController.m"; sourceTree = SOURCE_ROOT; };
		1EDCB4451173E8A10077F121 /* CDLDateFieldEditController.m */ = {isa = PBXFileReference; fileEncoding = 4; lastKnownFileType = sourcecode.c.objc; name = CDLDateFieldEditController.m; path = "../CoreDataLibrary Application/Classes/CDLDateFieldEditController.m"; sourceTree = SOURCE_ROOT; };
		1EDCB4461173E8A10077F121 /* CDLAbstractFieldEditController.m */ = {isa = PBXFileReference; fileEncoding = 4; lastKnownFileType = sourcecode.c.objc; name = CDLAbstractFieldEditController.m; path = "../CoreDataLibrary Application/Classes/CDLAbstractFieldEditController.m"; sourceTree = SOURCE_ROOT; };
		1EDCB4471173E8A10077F121 /* CDLTextFieldEditController.m */ = {isa = PBXFileReference; fileEncoding = 4; lastKnownFileType = sourcecode.c.objc; name = CDLTextFieldEditController.m; path = "../CoreDataLibrary Application/Classes/CDLTextFieldEditController.m"; sourceTree = SOURCE_ROOT; };
		1EDCB4481173E8A10077F121 /* CDLMultiLineTextFieldEditController.m */ = {isa = PBXFileReference; fileEncoding = 4; lastKnownFileType = sourcecode.c.objc; name = CDLMultiLineTextFieldEditController.m; path = "../CoreDataLibrary Application/Classes/CDLMultiLineTextFieldEditController.m"; sourceTree = SOURCE_ROOT; };
		1EDCB4491173E8A10077F121 /* CDLAddViewController.m */ = {isa = PBXFileReference; fileEncoding = 4; lastKnownFileType = sourcecode.c.objc; name = CDLAddViewController.m; path = "../CoreDataLibrary Application/Classes/CDLAddViewController.m"; sourceTree = SOURCE_ROOT; };
		1EDCB44A1173E8A10077F121 /* CDLRootViewController.m */ = {isa = PBXFileReference; fileEncoding = 4; lastKnownFileType = sourcecode.c.objc; name = CDLRootViewController.m; path = "../CoreDataLibrary Application/Classes/CDLRootViewController.m"; sourceTree = SOURCE_ROOT; };
		1EDCB44B1173E8A10077F121 /* CDLDetailViewController.m */ = {isa = PBXFileReference; fileEncoding = 4; lastKnownFileType = sourcecode.c.objc; name = CDLDetailViewController.m; path = "../CoreDataLibrary Application/Classes/CDLDetailViewController.m"; sourceTree = SOURCE_ROOT; };
		1EDCB44C1173E8A10077F121 /* CDLSingleLineTableRowController.m */ = {isa = PBXFileReference; fileEncoding = 4; lastKnownFileType = sourcecode.c.objc; name = CDLSingleLineTableRowController.m; path = "../CoreDataLibrary Application/Classes/CDLSingleLineTableRowController.m"; sourceTree = SOURCE_ROOT; };
		1EDCB44D1173E8A10077F121 /* CDLMultiLineTableRowController.m */ = {isa = PBXFileReference; fileEncoding = 4; lastKnownFileType = sourcecode.c.objc; name = CDLMultiLineTableRowController.m; path = "../CoreDataLibrary Application/Classes/CDLMultiLineTableRowController.m"; sourceTree = SOURCE_ROOT; };
		1EDCB44E1173E8A10077F121 /* CDLBooleanTableRowController.m */ = {isa = PBXFileReference; fileEncoding = 4; lastKnownFileType = sourcecode.c.objc; name = CDLBooleanTableRowController.m; path = "../CoreDataLibrary Application/Classes/CDLBooleanTableRowController.m"; sourceTree = SOURCE_ROOT; };
		1EDCB44F1173E8A10077F121 /* CDLToManyOrderedRelationshipTableRowController.m */ = {isa = PBXFileReference; fileEncoding = 4; lastKnownFileType = sourcecode.c.objc; name = CDLToManyOrderedRelationshipTableRowController.m; path = "../CoreDataLibrary Application/Classes/CDLToManyOrderedRelationshipTableRowController.m"; sourceTree = SOURCE_ROOT; };
		1EDCB4501173E8A10077F121 /* CDLToManyOrderedRelationshipAddTableRowController.m */ = {isa = PBXFileReference; fileEncoding = 4; lastKnownFileType = sourcecode.c.objc; name = CDLToManyOrderedRelationshipAddTableRowController.m; path = "../CoreDataLibrary Application/Classes/CDLToManyOrderedRelationshipAddTableRowController.m"; sourceTree = SOURCE_ROOT; };
		1EDCB4511173E8A10077F121 /* CDLRelationshipTableRowController.m */ = {isa = PBXFileReference; fileEncoding = 4; lastKnownFileType = sourcecode.c.objc; name = CDLRelationshipTableRowController.m; path = "../CoreDataLibrary Application/Classes/CDLRelationshipTableRowController.m"; sourceTree = SOURCE_ROOT; };
		1EDCB4521173E8A10077F121 /* CDLTableSectionController.m */ = {isa = PBXFileReference; fileEncoding = 4; lastKnownFileType = sourcecode.c.objc; name = CDLTableSectionController.m; path = "../CoreDataLibrary Application/Classes/CDLTableSectionController.m"; sourceTree = SOURCE_ROOT; };
		1EDCB4531173E8A10077F121 /* CDLTableRowController.m */ = {isa = PBXFileReference; fileEncoding = 4; lastKnownFileType = sourcecode.c.objc; name = CDLTableRowController.m; path = "../CoreDataLibrary Application/Classes/CDLTableRowController.m"; sourceTree = SOURCE_ROOT; };
		1EDCB4541173E8A10077F121 /* CDLToManyOrderedRelationshipSectionController.m */ = {isa = PBXFileReference; fileEncoding = 4; lastKnownFileType = sourcecode.c.objc; name = CDLToManyOrderedRelationshipSectionController.m; path = "../CoreDataLibrary Application/Classes/CDLToManyOrderedRelationshipSectionController.m"; sourceTree = SOURCE_ROOT; };
		28860B760F44E54D00985440 /* AlphaEvents.xcdatamodel */ = {isa = PBXFileReference; fileEncoding = 4; lastKnownFileType = wrapper.xcdatamodel; path = AlphaEvents.xcdatamodel; sourceTree = "<group>"; };
		28860BE40F44EE6400985440 /* CoreData.framework */ = {isa = PBXFileReference; lastKnownFileType = wrapper.framework; name = CoreData.framework; path = System/Library/Frameworks/CoreData.framework; sourceTree = SDKROOT; };
		2892E40F0DC94CBA00A64D0F /* CoreGraphics.framework */ = {isa = PBXFileReference; lastKnownFileType = wrapper.framework; name = CoreGraphics.framework; path = System/Library/Frameworks/CoreGraphics.framework; sourceTree = SDKROOT; };
		28A0AAE50D9B0CCF005BE974 /* AlphaEvents_Prefix.pch */ = {isa = PBXFileReference; fileEncoding = 4; lastKnownFileType = sourcecode.c.h; path = AlphaEvents_Prefix.pch; sourceTree = "<group>"; };
		28AD735F0D9D9599002E5188 /* MainWindow.xib */ = {isa = PBXFileReference; lastKnownFileType = file.xib; path = MainWindow.xib; sourceTree = "<group>"; };
		29B97316FDCFA39411CA2CEA /* main.m */ = {isa = PBXFileReference; fileEncoding = 4; lastKnownFileType = sourcecode.c.objc; path = main.m; sourceTree = "<group>"; };
		8D1107310486CEB800E47090 /* AlphaEvents-Info.plist */ = {isa = PBXFileReference; fileEncoding = 4; lastKnownFileType = text.plist.xml; path = "AlphaEvents-Info.plist"; plistStructureDefinitionIdentifier = "com.apple.xcode.plist.structure-definition.iphone.info-plist"; sourceTree = "<group>"; };
/* End PBXFileReference section */

/* Begin PBXFrameworksBuildPhase section */
		1D60588F0D05DD3D006BFB54 /* Frameworks */ = {
			isa = PBXFrameworksBuildPhase;
			buildActionMask = 2147483647;
			files = (
				1D60589F0D05DD5A006BFB54 /* Foundation.framework in Frameworks */,
				1DF5F4E00D08C38300B7A737 /* UIKit.framework in Frameworks */,
				2892E4100DC94CBA00A64D0F /* CoreGraphics.framework in Frameworks */,
				28860BE50F44EE6400985440 /* CoreData.framework in Frameworks */,
			);
			runOnlyForDeploymentPostprocessing = 0;
		};
/* End PBXFrameworksBuildPhase section */

/* Begin PBXGroup section */
		080E96DDFE201D6D7F000001 /* Classes */ = {
			isa = PBXGroup;
			children = (
				1EDCAD6E116D72750077F121 /* CoreDataLibrary */,
				1D3623240D0F684500981E51 /* AlphaEventsAppDelegate.h */,
				1D3623250D0F684500981E51 /* AlphaEventsAppDelegate.m */,
				1EDCA870116C082E0077F121 /* Event.h */,
				1EDCA871116C082E0077F121 /* Event.m */,
			);
			path = Classes;
			sourceTree = "<group>";
		};
		19C28FACFE9D520D11CA2CBB /* Products */ = {
			isa = PBXGroup;
			children = (
				1D6058910D05DD3D006BFB54 /* AlphaEvents.app */,
			);
			name = Products;
			sourceTree = "<group>";
		};
		1EDCAD6E116D72750077F121 /* CoreDataLibrary */ = {
			isa = PBXGroup;
			children = (
				1EDCB43C1173E8A10077F121 /* Code */,
				1EDCB4321173E8A10077F121 /* Field Edit Controllers */,
				1EDCB4261173E8A10077F121 /* Row Controllers */,
				1EDCB4221173E8A10077F121 /* Section Controllers */,
				1EDCB4191173E8A10077F121 /* Utility Classes */,
				1EDCB4161173E8A10077F121 /* CDLRootViewController.h */,
				1EDCB4171173E8A10077F121 /* CDLDetailViewController.h */,
				1EDCB4181173E8A10077F121 /* CDLAddViewController.h */,
				1EDCAD78116D72750077F121 /* Data Classes */,
			);
			name = CoreDataLibrary;
			sourceTree = "<group>";
		};
		1EDCAD78116D72750077F121 /* Data Classes */ = {
			isa = PBXGroup;
			children = (
				1EDCAD79116D72750077F121 /* SynthesizeSingleton.h */,
				1EDCAD7A116D72750077F121 /* DataController.h */,
				1EDCAD7B116D72750077F121 /* DataController.m */,
				1EDCAD7C116D72750077F121 /* NSManagedObjectContext+insert.h */,
				1EDCAD7D116D72750077F121 /* NSManagedObjectContext+insert.m */,
				1EDCAD7E116D72750077F121 /* CDLSectionBugFixProtocol.h */,
			);
			name = "Data Classes";
			sourceTree = "<group>";
		};
		1EDCB4191173E8A10077F121 /* Utility Classes */ = {
			isa = PBXGroup;
			children = (
				1EDCB41A1173E8A10077F121 /* UIColor+MoreColors.h */,
				1EDCB41B1173E8A10077F121 /* UIColor+MoreColors.m */,
				1EDCB41C1173E8A10077F121 /* NSArray+Set.h */,
				1EDCB41D1173E8A10077F121 /* NSArray+Set.m */,
				1EDCB41E1173E8A10077F121 /* NSManagedObject+TypeOfProperty.h */,
				1EDCB41F1173E8A10077F121 /* NSManagedObject+TypeOfProperty.m */,
				1EDCB4201173E8A10077F121 /* CDLUtilityMethods.h */,
				1EDCB4211173E8A10077F121 /* CDLUtilityMethods.m */,
			);
			name = "Utility Classes";
			sourceTree = "<group>";
		};
		1EDCB4221173E8A10077F121 /* Section Controllers */ = {
			isa = PBXGroup;
			children = (
				1EDCB4231173E8A10077F121 /* CDLTableSectionController.h */,
				1EDCB4241173E8A10077F121 /* CDLToManyOrderedRelationshipSectionController.h */,
				1EDCB4251173E8A10077F121 /* CDLToManyRelationshipSectionController.h */,
			);
			name = "Section Controllers";
			sourceTree = "<group>";
		};
		1EDCB4261173E8A10077F121 /* Row Controllers */ = {
			isa = PBXGroup;
			children = (
				1EDCB42C1173E8A10077F121 /* toMany */,
				1EDCB4271173E8A10077F121 /* CDLTableRowController.h */,
				1EDCB4281173E8A10077F121 /* CDLRelationshipTableRowController.h */,
				1EDCB4291173E8A10077F121 /* CDLSingleLineTableRowController.h */,
				1EDCB42A1173E8A10077F121 /* CDLMultiLineTableRowController.h */,
				1EDCB42B1173E8A10077F121 /* CDLBooleanTableRowController.h */,
			);
			name = "Row Controllers";
			sourceTree = "<group>";
		};
		1EDCB42C1173E8A10077F121 /* toMany */ = {
			isa = PBXGroup;
			children = (
				1EDCB42D1173E8A10077F121 /* CDLToManyOrderedRelationshipTableRowController.h */,
				1EDCB42E1173E8A10077F121 /* CDLToManyOrderedRelationshipAddTableRowController.h */,
				1EDCB42F1173E8A10077F121 /* CDLToManyRelationshipTableRowController.h */,
				1EDCB4301173E8A10077F121 /* CDLToManyRelationshipAddExistingObjectsTableRowController.h */,
				1EDCB4311173E8A10077F121 /* CDLToManyRelationshipAddNewObjectTableRowController.h */,
			);
			name = toMany;
			sourceTree = "<group>";
		};
		1EDCB4321173E8A10077F121 /* Field Edit Controllers */ = {
			isa = PBXGroup;
			children = (
				1EDCB4381173E8A10077F121 /* toMany */,
				1EDCB4331173E8A10077F121 /* CDLAbstractFieldEditController.h */,
				1EDCB4341173E8A10077F121 /* CDLTextFieldEditController.h */,
				1EDCB4351173E8A10077F121 /* CDLMultiLineTextFieldEditController.h */,
				1EDCB4361173E8A10077F121 /* CDLDateFieldEditController.h */,
				1EDCB4371173E8A10077F121 /* CDLToOneRelationshipEditController.h */,
			);
			name = "Field Edit Controllers";
			sourceTree = "<group>";
		};
		1EDCB4381173E8A10077F121 /* toMany */ = {
			isa = PBXGroup;
			children = (
				1EDCB4391173E8A10077F121 /* CDLToManyOrderedRelationshipEditController.h */,
				1EDCB43A1173E8A10077F121 /* CDLToManyRelationshipAddExistingObjectsEditController.h */,
				1EDCB43B1173E8A10077F121 /* CDLToManyRelationshipAddNewObjectEditController.h */,
			);
			name = toMany;
			sourceTree = "<group>";
		};
		1EDCB43C1173E8A10077F121 /* Code */ = {
			isa = PBXGroup;
			children = (
				1EDCB43D1173E8A10077F121 /* CDLToManyRelationshipAddNewObjectTableRowController.m */,
				1EDCB43E1173E8A10077F121 /* CDLToManyRelationshipAddNewObjectEditController.m */,
				1EDCB43F1173E8A10077F121 /* CDLToManyRelationshipAddExistingObjectsEditController.m */,
				1EDCB4401173E8A10077F121 /* CDLToManyRelationshipTableRowController.m */,
				1EDCB4411173E8A10077F121 /* CDLToManyRelationshipAddExistingObjectsTableRowController.m */,
				1EDCB4421173E8A10077F121 /* CDLToManyRelationshipSectionController.m */,
				1EDCB4431173E8A10077F121 /* CDLToManyOrderedRelationshipEditController.m */,
				1EDCB4441173E8A10077F121 /* CDLToOneRelationshipEditController.m */,
				1EDCB4451173E8A10077F121 /* CDLDateFieldEditController.m */,
				1EDCB4461173E8A10077F121 /* CDLAbstractFieldEditController.m */,
				1EDCB4471173E8A10077F121 /* CDLTextFieldEditController.m */,
				1EDCB4481173E8A10077F121 /* CDLMultiLineTextFieldEditController.m */,
				1EDCB4491173E8A10077F121 /* CDLAddViewController.m */,
				1EDCB44A1173E8A10077F121 /* CDLRootViewController.m */,
				1EDCB44B1173E8A10077F121 /* CDLDetailViewController.m */,
				1EDCB44C1173E8A10077F121 /* CDLSingleLineTableRowController.m */,
				1EDCB44D1173E8A10077F121 /* CDLMultiLineTableRowController.m */,
				1EDCB44E1173E8A10077F121 /* CDLBooleanTableRowController.m */,
				1EDCB44F1173E8A10077F121 /* CDLToManyOrderedRelationshipTableRowController.m */,
				1EDCB4501173E8A10077F121 /* CDLToManyOrderedRelationshipAddTableRowController.m */,
				1EDCB4511173E8A10077F121 /* CDLRelationshipTableRowController.m */,
				1EDCB4521173E8A10077F121 /* CDLTableSectionController.m */,
				1EDCB4531173E8A10077F121 /* CDLTableRowController.m */,
				1EDCB4541173E8A10077F121 /* CDLToManyOrderedRelationshipSectionController.m */,
			);
			name = Code;
			sourceTree = "<group>";
		};
		29B97314FDCFA39411CA2CEA /* CustomTemplate */ = {
			isa = PBXGroup;
			children = (
				080E96DDFE201D6D7F000001 /* Classes */,
				29B97315FDCFA39411CA2CEA /* Other Sources */,
				29B97317FDCFA39411CA2CEA /* Resources */,
				29B97323FDCFA39411CA2CEA /* Frameworks */,
				19C28FACFE9D520D11CA2CBB /* Products */,
			);
			name = CustomTemplate;
			sourceTree = "<group>";
		};
		29B97315FDCFA39411CA2CEA /* Other Sources */ = {
			isa = PBXGroup;
			children = (
				28A0AAE50D9B0CCF005BE974 /* AlphaEvents_Prefix.pch */,
				29B97316FDCFA39411CA2CEA /* main.m */,
			);
			name = "Other Sources";
			sourceTree = "<group>";
		};
		29B97317FDCFA39411CA2CEA /* Resources */ = {
			isa = PBXGroup;
			children = (
				1EDCA913116C12640077F121 /* AlphaEvents_InitialData.sqlite */,
				28860B760F44E54D00985440 /* AlphaEvents.xcdatamodel */,
				28AD735F0D9D9599002E5188 /* MainWindow.xib */,
				8D1107310486CEB800E47090 /* AlphaEvents-Info.plist */,
				1EDCA867116C07FF0077F121 /* AlphaEventsRootView.plist */,
				1EDCA868116C07FF0077F121 /* AlphaEventsDetailView.plist */,
				1EDCA742116C04C30077F121 /* green_checkmark_off.png */,
				1EDCA743116C04C30077F121 /* green_checkmark_on.png */,
			);
			name = Resources;
			sourceTree = "<group>";
		};
		29B97323FDCFA39411CA2CEA /* Frameworks */ = {
			isa = PBXGroup;
			children = (
				1DF5F4DF0D08C38300B7A737 /* UIKit.framework */,
				1D30AB110D05D00D00671497 /* Foundation.framework */,
				2892E40F0DC94CBA00A64D0F /* CoreGraphics.framework */,
				28860BE40F44EE6400985440 /* CoreData.framework */,
			);
			name = Frameworks;
			sourceTree = "<group>";
		};
/* End PBXGroup section */

/* Begin PBXNativeTarget section */
		1D6058900D05DD3D006BFB54 /* AlphaEvents */ = {
			isa = PBXNativeTarget;
			buildConfigurationList = 1D6058960D05DD3E006BFB54 /* Build configuration list for PBXNativeTarget "AlphaEvents" */;
			buildPhases = (
				1D60588D0D05DD3D006BFB54 /* Resources */,
				1D60588E0D05DD3D006BFB54 /* Sources */,
				1D60588F0D05DD3D006BFB54 /* Frameworks */,
			);
			buildRules = (
			);
			dependencies = (
			);
			name = AlphaEvents;
			productName = AlphaEvents;
			productReference = 1D6058910D05DD3D006BFB54 /* AlphaEvents.app */;
			productType = "com.apple.product-type.application";
		};
/* End PBXNativeTarget section */

/* Begin PBXProject section */
		29B97313FDCFA39411CA2CEA /* Project object */ = {
			isa = PBXProject;
			buildConfigurationList = C01FCF4E08A954540054247B /* Build configuration list for PBXProject "AlphaEvents" */;
			compatibilityVersion = "Xcode 3.1";
			hasScannedForEncodings = 1;
			knownRegions = (
				English,
				Japanese,
				French,
				German,
				en,
			);
			mainGroup = 29B97314FDCFA39411CA2CEA /* CustomTemplate */;
			projectDirPath = "";
			projectRoot = "";
			targets = (
				1D6058900D05DD3D006BFB54 /* AlphaEvents */,
			);
		};
/* End PBXProject section */

/* Begin PBXResourcesBuildPhase section */
		1D60588D0D05DD3D006BFB54 /* Resources */ = {
			isa = PBXResourcesBuildPhase;
			buildActionMask = 2147483647;
			files = (
				28AD73600D9D9599002E5188 /* MainWindow.xib in Resources */,
				1EDCA744116C04C30077F121 /* green_checkmark_off.png in Resources */,
				1EDCA745116C04C30077F121 /* green_checkmark_on.png in Resources */,
				1EDCA869116C07FF0077F121 /* AlphaEventsRootView.plist in Resources */,
				1EDCA86A116C07FF0077F121 /* AlphaEventsDetailView.plist in Resources */,
				1EDCA914116C12640077F121 /* AlphaEvents_InitialData.sqlite in Resources */,
			);
			runOnlyForDeploymentPostprocessing = 0;
		};
/* End PBXResourcesBuildPhase section */

/* Begin PBXSourcesBuildPhase section */
		1D60588E0D05DD3D006BFB54 /* Sources */ = {
			isa = PBXSourcesBuildPhase;
			buildActionMask = 2147483647;
			files = (
				1D60589B0D05DD56006BFB54 /* main.m in Sources */,
				1D3623260D0F684500981E51 /* AlphaEventsAppDelegate.m in Sources */,
				28860B770F44E54D00985440 /* AlphaEvents.xcdatamodel in Sources */,
				1EDCA872116C082E0077F121 /* Event.m in Sources */,
				1EDCADBC116D72750077F121 /* DataController.m in Sources */,
				1EDCADBD116D72750077F121 /* NSManagedObjectContext+insert.m in Sources */,
				1EDCB4551173E8A10077F121 /* UIColor+MoreColors.m in Sources */,
				1EDCB4561173E8A10077F121 /* NSArray+Set.m in Sources */,
				1EDCB4571173E8A10077F121 /* NSManagedObject+TypeOfProperty.m in Sources */,
				1EDCB4581173E8A10077F121 /* CDLUtilityMethods.m in Sources */,
				1EDCB4591173E8A10077F121 /* CDLToManyRelationshipAddNewObjectTableRowController.m in Sources */,
				1EDCB45A1173E8A10077F121 /* CDLToManyRelationshipAddNewObjectEditController.m in Sources */,
				1EDCB45B1173E8A10077F121 /* CDLToManyRelationshipAddExistingObjectsEditController.m in Sources */,
				1EDCB45C1173E8A10077F121 /* CDLToManyRelationshipTableRowController.m in Sources */,
				1EDCB45D1173E8A10077F121 /* CDLToManyRelationshipAddExistingObjectsTableRowController.m in Sources */,
				1EDCB45E1173E8A10077F121 /* CDLToManyRelationshipSectionController.m in Sources */,
				1EDCB45F1173E8A10077F121 /* CDLToManyOrderedRelationshipEditController.m in Sources */,
				1EDCB4601173E8A10077F121 /* CDLToOneRelationshipEditController.m in Sources */,
				1EDCB4611173E8A10077F121 /* CDLDateFieldEditController.m in Sources */,
				1EDCB4621173E8A10077F121 /* CDLAbstractFieldEditController.m in Sources */,
				1EDCB4631173E8A10077F121 /* CDLTextFieldEditController.m in Sources */,
				1EDCB4641173E8A10077F121 /* CDLMultiLineTextFieldEditController.m in Sources */,
				1EDCB4651173E8A10077F121 /* CDLAddViewController.m in Sources */,
				1EDCB4661173E8A10077F121 /* CDLRootViewController.m in Sources */,
				1EDCB4671173E8A10077F121 /* CDLDetailViewController.m in Sources */,
				1EDCB4681173E8A10077F121 /* CDLSingleLineTableRowController.m in Sources */,
				1EDCB4691173E8A10077F121 /* CDLMultiLineTableRowController.m in Sources */,
				1EDCB46A1173E8A10077F121 /* CDLBooleanTableRowController.m in Sources */,
				1EDCB46B1173E8A10077F121 /* CDLToManyOrderedRelationshipTableRowController.m in Sources */,
				1EDCB46C1173E8A10077F121 /* CDLToManyOrderedRelationshipAddTableRowController.m in Sources */,
				1EDCB46D1173E8A10077F121 /* CDLRelationshipTableRowController.m in Sources */,
				1EDCB46E1173E8A10077F121 /* CDLTableSectionController.m in Sources */,
				1EDCB46F1173E8A10077F121 /* CDLTableRowController.m in Sources */,
				1EDCB4701173E8A10077F121 /* CDLToManyOrderedRelationshipSectionController.m in Sources */,
			);
			runOnlyForDeploymentPostprocessing = 0;
		};
/* End PBXSourcesBuildPhase section */

/* Begin XCBuildConfiguration section */
		1D6058940D05DD3E006BFB54 /* Debug */ = {
			isa = XCBuildConfiguration;
			buildSettings = {
				ALWAYS_SEARCH_USER_PATHS = NO;
				COPY_PHASE_STRIP = NO;
				GCC_DYNAMIC_NO_PIC = NO;
				GCC_OPTIMIZATION_LEVEL = 0;
				GCC_PRECOMPILE_PREFIX_HEADER = YES;
				GCC_PREFIX_HEADER = AlphaEvents_Prefix.pch;
				INFOPLIST_FILE = "AlphaEvents-Info.plist";
				PRODUCT_NAME = AlphaEvents;
			};
			name = Debug;
		};
		1D6058950D05DD3E006BFB54 /* Release */ = {
			isa = XCBuildConfiguration;
			buildSettings = {
				ALWAYS_SEARCH_USER_PATHS = NO;
				COPY_PHASE_STRIP = YES;
				GCC_PRECOMPILE_PREFIX_HEADER = YES;
				GCC_PREFIX_HEADER = AlphaEvents_Prefix.pch;
				INFOPLIST_FILE = "AlphaEvents-Info.plist";
				PRODUCT_NAME = AlphaEvents;
			};
			name = Release;
		};
		C01FCF4F08A954540054247B /* Debug */ = {
			isa = XCBuildConfiguration;
			buildSettings = {
				ARCHS = "$(ARCHS_STANDARD_32_BIT)";
				"CODE_SIGN_IDENTITY[sdk=iphoneos*]" = "iPhone Developer";
				GCC_C_LANGUAGE_STANDARD = c99;
				GCC_WARN_ABOUT_RETURN_TYPE = YES;
				GCC_WARN_UNUSED_VARIABLE = YES;
				PREBINDING = NO;
				SDKROOT = iphoneos3.1.3;
			};
			name = Debug;
		};
		C01FCF5008A954540054247B /* Release */ = {
			isa = XCBuildConfiguration;
			buildSettings = {
				ARCHS = "$(ARCHS_STANDARD_32_BIT)";
				"CODE_SIGN_IDENTITY[sdk=iphoneos*]" = "iPhone Developer";
				GCC_C_LANGUAGE_STANDARD = c99;
				GCC_WARN_ABOUT_RETURN_TYPE = YES;
				GCC_WARN_UNUSED_VARIABLE = YES;
				PREBINDING = NO;
				SDKROOT = iphoneos3.1.3;
			};
			name = Release;
		};
/* End XCBuildConfiguration section */

/* Begin XCConfigurationList section */
		1D6058960D05DD3E006BFB54 /* Build configuration list for PBXNativeTarget "AlphaEvents" */ = {
			isa = XCConfigurationList;
			buildConfigurations = (
				1D6058940D05DD3E006BFB54 /* Debug */,
				1D6058950D05DD3E006BFB54 /* Release */,
			);
			defaultConfigurationIsVisible = 0;
			defaultConfigurationName = Release;
		};
		C01FCF4E08A954540054247B /* Build configuration list for PBXProject "AlphaEvents" */ = {
			isa = XCConfigurationList;
			buildConfigurations = (
				C01FCF4F08A954540054247B /* Debug */,
				C01FCF5008A954540054247B /* Release */,
			);
			defaultConfigurationIsVisible = 0;
			defaultConfigurationName = Release;
		};
/* End XCConfigurationList section */
	};
	rootObject = 29B97313FDCFA39411CA2CEA /* Project object */;
}
