// !$*UTF8*$!
{
	archiveVersion = 1;
	classes = {
	};
	objectVersion = 45;
	objects = {

/* Begin PBXBuildFile section */
		1D3623260D0F684500981E51 /* ToManyEventsAppDelegate.m in Sources */ = {isa = PBXBuildFile; fileRef = 1D3623250D0F684500981E51 /* ToManyEventsAppDelegate.m */; };
		1D60589B0D05DD56006BFB54 /* main.m in Sources */ = {isa = PBXBuildFile; fileRef = 29B97316FDCFA39411CA2CEA /* main.m */; };
		1D60589F0D05DD5A006BFB54 /* Foundation.framework in Frameworks */ = {isa = PBXBuildFile; fileRef = 1D30AB110D05D00D00671497 /* Foundation.framework */; };
		1DF5F4E00D08C38300B7A737 /* UIKit.framework in Frameworks */ = {isa = PBXBuildFile; fileRef = 1DF5F4DF0D08C38300B7A737 /* UIKit.framework */; };
		1EDCA744116C04C30077F121 /* green_checkmark_off.png in Resources */ = {isa = PBXBuildFile; fileRef = 1EDCA742116C04C30077F121 /* green_checkmark_off.png */; };
		1EDCA745116C04C30077F121 /* green_checkmark_on.png in Resources */ = {isa = PBXBuildFile; fileRef = 1EDCA743116C04C30077F121 /* green_checkmark_on.png */; };
		1EDCA869116C07FF0077F121 /* ToManyEventsRootView.plist in Resources */ = {isa = PBXBuildFile; fileRef = 1EDCA867116C07FF0077F121 /* ToManyEventsRootView.plist */; };
		1EDCA86A116C07FF0077F121 /* ToManyEventsDetailView.plist in Resources */ = {isa = PBXBuildFile; fileRef = 1EDCA868116C07FF0077F121 /* ToManyEventsDetailView.plist */; };
		1EDCAA40116D28210077F121 /* Event.m in Sources */ = {isa = PBXBuildFile; fileRef = 1EDCAA3B116D28210077F121 /* Event.m */; };
		1EDCAA41116D28210077F121 /* VIP.m in Sources */ = {isa = PBXBuildFile; fileRef = 1EDCAA3D116D28210077F121 /* VIP.m */; };
		1EDCAA42116D28210077F121 /* EventToVIP.m in Sources */ = {isa = PBXBuildFile; fileRef = 1EDCAA3F116D28210077F121 /* EventToVIP.m */; };
		1EDCACB2116D6CDE0077F121 /* ToManyEvents_InitialData.sqlite in Resources */ = {isa = PBXBuildFile; fileRef = 1EDCACB1116D6CDE0077F121 /* ToManyEvents_InitialData.sqlite */; };
		1EDCAE52116D72DB0077F121 /* DataController.m in Sources */ = {isa = PBXBuildFile; fileRef = 1EDCAE11116D72DB0077F121 /* DataController.m */; };
		1EDCAE53116D72DB0077F121 /* NSManagedObjectContext+insert.m in Sources */ = {isa = PBXBuildFile; fileRef = 1EDCAE13116D72DB0077F121 /* NSManagedObjectContext+insert.m */; };
		1EDCB5451173EB180077F121 /* UIColor+MoreColors.m in Sources */ = {isa = PBXBuildFile; fileRef = 1EDCB50B1173EB180077F121 /* UIColor+MoreColors.m */; };
		1EDCB5461173EB180077F121 /* NSArray+Set.m in Sources */ = {isa = PBXBuildFile; fileRef = 1EDCB50D1173EB180077F121 /* NSArray+Set.m */; };
		1EDCB5471173EB180077F121 /* NSManagedObject+TypeOfProperty.m in Sources */ = {isa = PBXBuildFile; fileRef = 1EDCB50F1173EB180077F121 /* NSManagedObject+TypeOfProperty.m */; };
		1EDCB5481173EB180077F121 /* CDLUtilityMethods.m in Sources */ = {isa = PBXBuildFile; fileRef = 1EDCB5111173EB180077F121 /* CDLUtilityMethods.m */; };
		1EDCB5491173EB180077F121 /* CDLToManyRelationshipAddNewObjectTableRowController.m in Sources */ = {isa = PBXBuildFile; fileRef = 1EDCB52D1173EB180077F121 /* CDLToManyRelationshipAddNewObjectTableRowController.m */; };
		1EDCB54A1173EB180077F121 /* CDLToManyRelationshipAddNewObjectEditController.m in Sources */ = {isa = PBXBuildFile; fileRef = 1EDCB52E1173EB180077F121 /* CDLToManyRelationshipAddNewObjectEditController.m */; };
		1EDCB54B1173EB180077F121 /* CDLToManyRelationshipAddExistingObjectsEditController.m in Sources */ = {isa = PBXBuildFile; fileRef = 1EDCB52F1173EB180077F121 /* CDLToManyRelationshipAddExistingObjectsEditController.m */; };
		1EDCB54C1173EB180077F121 /* CDLToManyRelationshipTableRowController.m in Sources */ = {isa = PBXBuildFile; fileRef = 1EDCB5301173EB180077F121 /* CDLToManyRelationshipTableRowController.m */; };
		1EDCB54D1173EB180077F121 /* CDLToManyRelationshipAddExistingObjectsTableRowController.m in Sources */ = {isa = PBXBuildFile; fileRef = 1EDCB5311173EB180077F121 /* CDLToManyRelationshipAddExistingObjectsTableRowController.m */; };
		1EDCB54E1173EB180077F121 /* CDLToManyRelationshipSectionController.m in Sources */ = {isa = PBXBuildFile; fileRef = 1EDCB5321173EB180077F121 /* CDLToManyRelationshipSectionController.m */; };
		1EDCB54F1173EB180077F121 /* CDLToManyOrderedRelationshipEditController.m in Sources */ = {isa = PBXBuildFile; fileRef = 1EDCB5331173EB180077F121 /* CDLToManyOrderedRelationshipEditController.m */; };
		1EDCB5501173EB180077F121 /* CDLToOneRelationshipEditController.m in Sources */ = {isa = PBXBuildFile; fileRef = 1EDCB5341173EB180077F121 /* CDLToOneRelationshipEditController.m */; };
		1EDCB5511173EB180077F121 /* CDLDateFieldEditController.m in Sources */ = {isa = PBXBuildFile; fileRef = 1EDCB5351173EB180077F121 /* CDLDateFieldEditController.m */; };
		1EDCB5521173EB180077F121 /* CDLAbstractFieldEditController.m in Sources */ = {isa = PBXBuildFile; fileRef = 1EDCB5361173EB180077F121 /* CDLAbstractFieldEditController.m */; };
		1EDCB5531173EB180077F121 /* CDLTextFieldEditController.m in Sources */ = {isa = PBXBuildFile; fileRef = 1EDCB5371173EB180077F121 /* CDLTextFieldEditController.m */; };
		1EDCB5541173EB180077F121 /* CDLMultiLineTextFieldEditController.m in Sources */ = {isa = PBXBuildFile; fileRef = 1EDCB5381173EB180077F121 /* CDLMultiLineTextFieldEditController.m */; };
		1EDCB5551173EB180077F121 /* CDLAddViewController.m in Sources */ = {isa = PBXBuildFile; fileRef = 1EDCB5391173EB180077F121 /* CDLAddViewController.m */; };
		1EDCB5561173EB180077F121 /* CDLRootViewController.m in Sources */ = {isa = PBXBuildFile; fileRef = 1EDCB53A1173EB180077F121 /* CDLRootViewController.m */; };
		1EDCB5571173EB180077F121 /* CDLDetailViewController.m in Sources */ = {isa = PBXBuildFile; fileRef = 1EDCB53B1173EB180077F121 /* CDLDetailViewController.m */; };
		1EDCB5581173EB180077F121 /* CDLSingleLineTableRowController.m in Sources */ = {isa = PBXBuildFile; fileRef = 1EDCB53C1173EB180077F121 /* CDLSingleLineTableRowController.m */; };
		1EDCB5591173EB180077F121 /* CDLMultiLineTableRowController.m in Sources */ = {isa = PBXBuildFile; fileRef = 1EDCB53D1173EB180077F121 /* CDLMultiLineTableRowController.m */; };
		1EDCB55A1173EB180077F121 /* CDLBooleanTableRowController.m in Sources */ = {isa = PBXBuildFile; fileRef = 1EDCB53E1173EB180077F121 /* CDLBooleanTableRowController.m */; };
		1EDCB55B1173EB180077F121 /* CDLToManyOrderedRelationshipTableRowController.m in Sources */ = {isa = PBXBuildFile; fileRef = 1EDCB53F1173EB180077F121 /* CDLToManyOrderedRelationshipTableRowController.m */; };
		1EDCB55C1173EB180077F121 /* CDLToManyOrderedRelationshipAddTableRowController.m in Sources */ = {isa = PBXBuildFile; fileRef = 1EDCB5401173EB180077F121 /* CDLToManyOrderedRelationshipAddTableRowController.m */; };
		1EDCB55D1173EB180077F121 /* CDLRelationshipTableRowController.m in Sources */ = {isa = PBXBuildFile; fileRef = 1EDCB5411173EB180077F121 /* CDLRelationshipTableRowController.m */; };
		1EDCB55E1173EB180077F121 /* CDLTableSectionController.m in Sources */ = {isa = PBXBuildFile; fileRef = 1EDCB5421173EB180077F121 /* CDLTableSectionController.m */; };
		1EDCB55F1173EB180077F121 /* CDLTableRowController.m in Sources */ = {isa = PBXBuildFile; fileRef = 1EDCB5431173EB180077F121 /* CDLTableRowController.m */; };
		1EDCB5601173EB180077F121 /* CDLToManyOrderedRelationshipSectionController.m in Sources */ = {isa = PBXBuildFile; fileRef = 1EDCB5441173EB180077F121 /* CDLToManyOrderedRelationshipSectionController.m */; };
		28860B770F44E54D00985440 /* ToManyEvents.xcdatamodel in Sources */ = {isa = PBXBuildFile; fileRef = 28860B760F44E54D00985440 /* ToManyEvents.xcdatamodel */; };
		28860BE50F44EE6400985440 /* CoreData.framework in Frameworks */ = {isa = PBXBuildFile; fileRef = 28860BE40F44EE6400985440 /* CoreData.framework */; };
		2892E4100DC94CBA00A64D0F /* CoreGraphics.framework in Frameworks */ = {isa = PBXBuildFile; fileRef = 2892E40F0DC94CBA00A64D0F /* CoreGraphics.framework */; };
		28AD73600D9D9599002E5188 /* MainWindow.xib in Resources */ = {isa = PBXBuildFile; fileRef = 28AD735F0D9D9599002E5188 /* MainWindow.xib */; };
/* End PBXBuildFile section */

/* Begin PBXFileReference section */
		1D30AB110D05D00D00671497 /* Foundation.framework */ = {isa = PBXFileReference; lastKnownFileType = wrapper.framework; name = Foundation.framework; path = System/Library/Frameworks/Foundation.framework; sourceTree = SDKROOT; };
		1D3623240D0F684500981E51 /* ToManyEventsAppDelegate.h */ = {isa = PBXFileReference; fileEncoding = 4; lastKnownFileType = sourcecode.c.h; path = ToManyEventsAppDelegate.h; sourceTree = "<group>"; };
		1D3623250D0F684500981E51 /* ToManyEventsAppDelegate.m */ = {isa = PBXFileReference; fileEncoding = 4; lastKnownFileType = sourcecode.c.objc; path = ToManyEventsAppDelegate.m; sourceTree = "<group>"; };
		1D6058910D05DD3D006BFB54 /* ToManyEvents.app */ = {isa = PBXFileReference; explicitFileType = wrapper.application; includeInIndex = 0; path = ToManyEvents.app; sourceTree = BUILT_PRODUCTS_DIR; };
		1DF5F4DF0D08C38300B7A737 /* UIKit.framework */ = {isa = PBXFileReference; lastKnownFileType = wrapper.framework; name = UIKit.framework; path = System/Library/Frameworks/UIKit.framework; sourceTree = SDKROOT; };
		1EDCA742116C04C30077F121 /* green_checkmark_off.png */ = {isa = PBXFileReference; lastKnownFileType = image.png; path = green_checkmark_off.png; sourceTree = "<group>"; };
		1EDCA743116C04C30077F121 /* green_checkmark_on.png */ = {isa = PBXFileReference; lastKnownFileType = image.png; path = green_checkmark_on.png; sourceTree = "<group>"; };
		1EDCA867116C07FF0077F121 /* ToManyEventsRootView.plist */ = {isa = PBXFileReference; fileEncoding = 4; lastKnownFileType = text.plist; path = ToManyEventsRootView.plist; sourceTree = "<group>"; };
		1EDCA868116C07FF0077F121 /* ToManyEventsDetailView.plist */ = {isa = PBXFileReference; fileEncoding = 4; lastKnownFileType = text.plist; path = ToManyEventsDetailView.plist; sourceTree = "<group>"; };
		1EDCAA3A116D28210077F121 /* Event.h */ = {isa = PBXFileReference; fileEncoding = 4; lastKnownFileType = sourcecode.c.h; path = Event.h; sourceTree = "<group>"; };
		1EDCAA3B116D28210077F121 /* Event.m */ = {isa = PBXFileReference; fileEncoding = 4; lastKnownFileType = sourcecode.c.objc; path = Event.m; sourceTree = "<group>"; };
		1EDCAA3C116D28210077F121 /* VIP.h */ = {isa = PBXFileReference; fileEncoding = 4; lastKnownFileType = sourcecode.c.h; path = VIP.h; sourceTree = "<group>"; };
		1EDCAA3D116D28210077F121 /* VIP.m */ = {isa = PBXFileReference; fileEncoding = 4; lastKnownFileType = sourcecode.c.objc; path = VIP.m; sourceTree = "<group>"; };
		1EDCAA3E116D28210077F121 /* EventToVIP.h */ = {isa = PBXFileReference; fileEncoding = 4; lastKnownFileType = sourcecode.c.h; path = EventToVIP.h; sourceTree = "<group>"; };
		1EDCAA3F116D28210077F121 /* EventToVIP.m */ = {isa = PBXFileReference; fileEncoding = 4; lastKnownFileType = sourcecode.c.objc; path = EventToVIP.m; sourceTree = "<group>"; };
		1EDCACB1116D6CDE0077F121 /* ToManyEvents_InitialData.sqlite */ = {isa = PBXFileReference; lastKnownFileType = file; path = ToManyEvents_InitialData.sqlite; sourceTree = "<group>"; };
		1EDCAE0F116D72DB0077F121 /* SynthesizeSingleton.h */ = {isa = PBXFileReference; fileEncoding = 4; lastKnownFileType = sourcecode.c.h; path = SynthesizeSingleton.h; sourceTree = "<group>"; };
		1EDCAE10116D72DB0077F121 /* DataController.h */ = {isa = PBXFileReference; fileEncoding = 4; lastKnownFileType = sourcecode.c.h; path = DataController.h; sourceTree = "<group>"; };
		1EDCAE11116D72DB0077F121 /* DataController.m */ = {isa = PBXFileReference; fileEncoding = 4; lastKnownFileType = sourcecode.c.objc; path = DataController.m; sourceTree = "<group>"; };
		1EDCAE12116D72DB0077F121 /* NSManagedObjectContext+insert.h */ = {isa = PBXFileReference; fileEncoding = 4; lastKnownFileType = sourcecode.c.h; path = "NSManagedObjectContext+insert.h"; sourceTree = "<group>"; };
		1EDCAE13116D72DB0077F121 /* NSManagedObjectContext+insert.m */ = {isa = PBXFileReference; fileEncoding = 4; lastKnownFileType = sourcecode.c.objc; path = "NSManagedObjectContext+insert.m"; sourceTree = "<group>"; };
		1EDCAE14116D72DB0077F121 /* CDLSectionBugFixProtocol.h */ = {isa = PBXFileReference; fileEncoding = 4; lastKnownFileType = sourcecode.c.h; path = CDLSectionBugFixProtocol.h; sourceTree = "<group>"; };
		1EDCB5061173EB180077F121 /* CDLRootViewController.h */ = {isa = PBXFileReference; fileEncoding = 4; lastKnownFileType = sourcecode.c.h; name = CDLRootViewController.h; path = "../CoreDataLibrary Application/Classes/CDLRootViewController.h"; sourceTree = SOURCE_ROOT; };
		1EDCB5071173EB180077F121 /* CDLDetailViewController.h */ = {isa = PBXFileReference; fileEncoding = 4; lastKnownFileType = sourcecode.c.h; name = CDLDetailViewController.h; path = "../CoreDataLibrary Application/Classes/CDLDetailViewController.h"; sourceTree = SOURCE_ROOT; };
		1EDCB5081173EB180077F121 /* CDLAddViewController.h */ = {isa = PBXFileReference; fileEncoding = 4; lastKnownFileType = sourcecode.c.h; name = CDLAddViewController.h; path = "../CoreDataLibrary Application/Classes/CDLAddViewController.h"; sourceTree = SOURCE_ROOT; };
		1EDCB50A1173EB180077F121 /* UIColor+MoreColors.h */ = {isa = PBXFileReference; fileEncoding = 4; lastKnownFileType = sourcecode.c.h; name = "UIColor+MoreColors.h"; path = "../CoreDataLibrary Application/Classes/UIColor+MoreColors.h"; sourceTree = SOURCE_ROOT; };
		1EDCB50B1173EB180077F121 /* UIColor+MoreColors.m */ = {isa = PBXFileReference; fileEncoding = 4; lastKnownFileType = sourcecode.c.objc; name = "UIColor+MoreColors.m"; path = "../CoreDataLibrary Application/Classes/UIColor+MoreColors.m"; sourceTree = SOURCE_ROOT; };
		1EDCB50C1173EB180077F121 /* NSArray+Set.h */ = {isa = PBXFileReference; fileEncoding = 4; lastKnownFileType = sourcecode.c.h; name = "NSArray+Set.h"; path = "../CoreDataLibrary Application/Classes/NSArray+Set.h"; sourceTree = SOURCE_ROOT; };
		1EDCB50D1173EB180077F121 /* NSArray+Set.m */ = {isa = PBXFileReference; fileEncoding = 4; lastKnownFileType = sourcecode.c.objc; name = "NSArray+Set.m"; path = "../CoreDataLibrary Application/Classes/NSArray+Set.m"; sourceTree = SOURCE_ROOT; };
		1EDCB50E1173EB180077F121 /* NSManagedObject+TypeOfProperty.h */ = {isa = PBXFileReference; fileEncoding = 4; lastKnownFileType = sourcecode.c.h; name = "NSManagedObject+TypeOfProperty.h"; path = "../CoreDataLibrary Application/Classes/NSManagedObject+TypeOfProperty.h"; sourceTree = SOURCE_ROOT; };
		1EDCB50F1173EB180077F121 /* NSManagedObject+TypeOfProperty.m */ = {isa = PBXFileReference; fileEncoding = 4; lastKnownFileType = sourcecode.c.objc; name = "NSManagedObject+TypeOfProperty.m"; path = "../CoreDataLibrary Application/Classes/NSManagedObject+TypeOfProperty.m"; sourceTree = SOURCE_ROOT; };
		1EDCB5101173EB180077F121 /* CDLUtilityMethods.h */ = {isa = PBXFileReference; fileEncoding = 4; lastKnownFileType = sourcecode.c.h; name = CDLUtilityMethods.h; path = "../CoreDataLibrary Application/Classes/CDLUtilityMethods.h"; sourceTree = SOURCE_ROOT; };
		1EDCB5111173EB180077F121 /* CDLUtilityMethods.m */ = {isa = PBXFileReference; fileEncoding = 4; lastKnownFileType = sourcecode.c.objc; name = CDLUtilityMethods.m; path = "../CoreDataLibrary Application/Classes/CDLUtilityMethods.m"; sourceTree = SOURCE_ROOT; };
		1EDCB5131173EB180077F121 /* CDLTableSectionController.h */ = {isa = PBXFileReference; fileEncoding = 4; lastKnownFileType = sourcecode.c.h; name = CDLTableSectionController.h; path = "../CoreDataLibrary Application/Classes/CDLTableSectionController.h"; sourceTree = SOURCE_ROOT; };
		1EDCB5141173EB180077F121 /* CDLToManyOrderedRelationshipSectionController.h */ = {isa = PBXFileReference; fileEncoding = 4; lastKnownFileType = sourcecode.c.h; name = CDLToManyOrderedRelationshipSectionController.h; path = "../CoreDataLibrary Application/Classes/CDLToManyOrderedRelationshipSectionController.h"; sourceTree = SOURCE_ROOT; };
		1EDCB5151173EB180077F121 /* CDLToManyRelationshipSectionController.h */ = {isa = PBXFileReference; fileEncoding = 4; lastKnownFileType = sourcecode.c.h; name = CDLToManyRelationshipSectionController.h; path = "../CoreDataLibrary Application/Classes/CDLToManyRelationshipSectionController.h"; sourceTree = SOURCE_ROOT; };
		1EDCB5171173EB180077F121 /* CDLTableRowController.h */ = {isa = PBXFileReference; fileEncoding = 4; lastKnownFileType = sourcecode.c.h; name = CDLTableRowController.h; path = "../CoreDataLibrary Application/Classes/CDLTableRowController.h"; sourceTree = SOURCE_ROOT; };
		1EDCB5181173EB180077F121 /* CDLRelationshipTableRowController.h */ = {isa = PBXFileReference; fileEncoding = 4; lastKnownFileType = sourcecode.c.h; name = CDLRelationshipTableRowController.h; path = "../CoreDataLibrary Application/Classes/CDLRelationshipTableRowController.h"; sourceTree = SOURCE_ROOT; };
		1EDCB5191173EB180077F121 /* CDLSingleLineTableRowController.h */ = {isa = PBXFileReference; fileEncoding = 4; lastKnownFileType = sourcecode.c.h; name = CDLSingleLineTableRowController.h; path = "../CoreDataLibrary Application/Classes/CDLSingleLineTableRowController.h"; sourceTree = SOURCE_ROOT; };
		1EDCB51A1173EB180077F121 /* CDLMultiLineTableRowController.h */ = {isa = PBXFileReference; fileEncoding = 4; lastKnownFileType = sourcecode.c.h; name = CDLMultiLineTableRowController.h; path = "../CoreDataLibrary Application/Classes/CDLMultiLineTableRowController.h"; sourceTree = SOURCE_ROOT; };
		1EDCB51B1173EB180077F121 /* CDLBooleanTableRowController.h */ = {isa = PBXFileReference; fileEncoding = 4; lastKnownFileType = sourcecode.c.h; name = CDLBooleanTableRowController.h; path = "../CoreDataLibrary Application/Classes/CDLBooleanTableRowController.h"; sourceTree = SOURCE_ROOT; };
		1EDCB51D1173EB180077F121 /* CDLToManyOrderedRelationshipTableRowController.h */ = {isa = PBXFileReference; fileEncoding = 4; lastKnownFileType = sourcecode.c.h; name = CDLToManyOrderedRelationshipTableRowController.h; path = "../CoreDataLibrary Application/Classes/CDLToManyOrderedRelationshipTableRowController.h"; sourceTree = SOURCE_ROOT; };
		1EDCB51E1173EB180077F121 /* CDLToManyOrderedRelationshipAddTableRowController.h */ = {isa = PBXFileReference; fileEncoding = 4; lastKnownFileType = sourcecode.c.h; name = CDLToManyOrderedRelationshipAddTableRowController.h; path = "../CoreDataLibrary Application/Classes/CDLToManyOrderedRelationshipAddTableRowController.h"; sourceTree = SOURCE_ROOT; };
		1EDCB51F1173EB180077F121 /* CDLToManyRelationshipTableRowController.h */ = {isa = PBXFileReference; fileEncoding = 4; lastKnownFileType = sourcecode.c.h; name = CDLToManyRelationshipTableRowController.h; path = "../CoreDataLibrary Application/Classes/CDLToManyRelationshipTableRowController.h"; sourceTree = SOURCE_ROOT; };
		1EDCB5201173EB180077F121 /* CDLToManyRelationshipAddExistingObjectsTableRowController.h */ = {isa = PBXFileReference; fileEncoding = 4; lastKnownFileType = sourcecode.c.h; name = CDLToManyRelationshipAddExistingObjectsTableRowController.h; path = "../CoreDataLibrary Application/Classes/CDLToManyRelationshipAddExistingObjectsTableRowController.h"; sourceTree = SOURCE_ROOT; };
		1EDCB5211173EB180077F121 /* CDLToManyRelationshipAddNewObjectTableRowController.h */ = {isa = PBXFileReference; fileEncoding = 4; lastKnownFileType = sourcecode.c.h; name = CDLToManyRelationshipAddNewObjectTableRowController.h; path = "../CoreDataLibrary Application/Classes/CDLToManyRelationshipAddNewObjectTableRowController.h"; sourceTree = SOURCE_ROOT; };
		1EDCB5231173EB180077F121 /* CDLAbstractFieldEditController.h */ = {isa = PBXFileReference; fileEncoding = 4; lastKnownFileType = sourcecode.c.h; name = CDLAbstractFieldEditController.h; path = "../CoreDataLibrary Application/Classes/CDLAbstractFieldEditController.h"; sourceTree = SOURCE_ROOT; };
		1EDCB5241173EB180077F121 /* CDLTextFieldEditController.h */ = {isa = PBXFileReference; fileEncoding = 4; lastKnownFileType = sourcecode.c.h; name = CDLTextFieldEditController.h; path = "../CoreDataLibrary Application/Classes/CDLTextFieldEditController.h"; sourceTree = SOURCE_ROOT; };
		1EDCB5251173EB180077F121 /* CDLMultiLineTextFieldEditController.h */ = {isa = PBXFileReference; fileEncoding = 4; lastKnownFileType = sourcecode.c.h; name = CDLMultiLineTextFieldEditController.h; path = "../CoreDataLibrary Application/Classes/CDLMultiLineTextFieldEditController.h"; sourceTree = SOURCE_ROOT; };
		1EDCB5261173EB180077F121 /* CDLDateFieldEditController.h */ = {isa = PBXFileReference; fileEncoding = 4; lastKnownFileType = sourcecode.c.h; name = CDLDateFieldEditController.h; path = "../CoreDataLibrary Application/Classes/CDLDateFieldEditController.h"; sourceTree = SOURCE_ROOT; };
		1EDCB5271173EB180077F121 /* CDLToOneRelationshipEditController.h */ = {isa = PBXFileReference; fileEncoding = 4; lastKnownFileType = sourcecode.c.h; name = CDLToOneRelationshipEditController.h; path = "../CoreDataLibrary Application/Classes/CDLToOneRelationshipEditController.h"; sourceTree = SOURCE_ROOT; };
		1EDCB5291173EB180077F121 /* CDLToManyOrderedRelationshipEditController.h */ = {isa = PBXFileReference; fileEncoding = 4; lastKnownFileType = sourcecode.c.h; name = CDLToManyOrderedRelationshipEditController.h; path = "../CoreDataLibrary Application/Classes/CDLToManyOrderedRelationshipEditController.h"; sourceTree = SOURCE_ROOT; };
		1EDCB52A1173EB180077F121 /* CDLToManyRelationshipAddExistingObjectsEditController.h */ = {isa = PBXFileReference; fileEncoding = 4; lastKnownFileType = sourcecode.c.h; name = CDLToManyRelationshipAddExistingObjectsEditController.h; path = "../CoreDataLibrary Application/Classes/CDLToManyRelationshipAddExistingObjectsEditController.h"; sourceTree = SOURCE_ROOT; };
		1EDCB52B1173EB180077F121 /* CDLToManyRelationshipAddNewObjectEditController.h */ = {isa = PBXFileReference; fileEncoding = 4; lastKnownFileType = sourcecode.c.h; name = CDLToManyRelationshipAddNewObjectEditController.h; path = "../CoreDataLibrary Application/Classes/CDLToManyRelationshipAddNewObjectEditController.h"; sourceTree = SOURCE_ROOT; };
		1EDCB52D1173EB180077F121 /* CDLToManyRelationshipAddNewObjectTableRowController.m */ = {isa = PBXFileReference; fileEncoding = 4; lastKnownFileType = sourcecode.c.objc; name = CDLToManyRelationshipAddNewObjectTableRowController.m; path = "../CoreDataLibrary Application/Classes/CDLToManyRelationshipAddNewObjectTableRowController.m"; sourceTree = SOURCE_ROOT; };
		1EDCB52E1173EB180077F121 /* CDLToManyRelationshipAddNewObjectEditController.m */ = {isa = PBXFileReference; fileEncoding = 4; lastKnownFileType = sourcecode.c.objc; name = CDLToManyRelationshipAddNewObjectEditController.m; path = "../CoreDataLibrary Application/Classes/CDLToManyRelationshipAddNewObjectEditController.m"; sourceTree = SOURCE_ROOT; };
		1EDCB52F1173EB180077F121 /* CDLToManyRelationshipAddExistingObjectsEditController.m */ = {isa = PBXFileReference; fileEncoding = 4; lastKnownFileType = sourcecode.c.objc; name = CDLToManyRelationshipAddExistingObjectsEditController.m; path = "../CoreDataLibrary Application/Classes/CDLToManyRelationshipAddExistingObjectsEditController.m"; sourceTree = SOURCE_ROOT; };
		1EDCB5301173EB180077F121 /* CDLToManyRelationshipTableRowController.m */ = {isa = PBXFileReference; fileEncoding = 4; lastKnownFileType = sourcecode.c.objc; name = CDLToManyRelationshipTableRowController.m; path = "../CoreDataLibrary Application/Classes/CDLToManyRelationshipTableRowController.m"; sourceTree = SOURCE_ROOT; };
		1EDCB5311173EB180077F121 /* CDLToManyRelationshipAddExistingObjectsTableRowController.m */ = {isa = PBXFileReference; fileEncoding = 4; lastKnownFileType = sourcecode.c.objc; name = CDLToManyRelationshipAddExistingObjectsTableRowController.m; path = "../CoreDataLibrary Application/Classes/CDLToManyRelationshipAddExistingObjectsTableRowController.m"; sourceTree = SOURCE_ROOT; };
		1EDCB5321173EB180077F121 /* CDLToManyRelationshipSectionController.m */ = {isa = PBXFileReference; fileEncoding = 4; lastKnownFileType = sourcecode.c.objc; name = CDLToManyRelationshipSectionController.m; path = "../CoreDataLibrary Application/Classes/CDLToManyRelationshipSectionController.m"; sourceTree = SOURCE_ROOT; };
		1EDCB5331173EB180077F121 /* CDLToManyOrderedRelationshipEditController.m */ = {isa = PBXFileReference; fileEncoding = 4; lastKnownFileType = sourcecode.c.objc; name = CDLToManyOrderedRelationshipEditController.m; path = "../CoreDataLibrary Application/Classes/CDLToManyOrderedRelationshipEditController.m"; sourceTree = SOURCE_ROOT; };
		1EDCB5341173EB180077F121 /* CDLToOneRelationshipEditController.m */ = {isa = PBXFileReference; fileEncoding = 4; lastKnownFileType = sourcecode.c.objc; name = CDLToOneRelationshipEditController.m; path = "../CoreDataLibrary Application/Classes/CDLToOneRelationshipEditController.m"; sourceTree = SOURCE_ROOT; };
		1EDCB5351173EB180077F121 /* CDLDateFieldEditController.m */ = {isa = PBXFileReference; fileEncoding = 4; lastKnownFileType = sourcecode.c.objc; name = CDLDateFieldEditController.m; path = "../CoreDataLibrary Application/Classes/CDLDateFieldEditController.m"; sourceTree = SOURCE_ROOT; };
		1EDCB5361173EB180077F121 /* CDLAbstractFieldEditController.m */ = {isa = PBXFileReference; fileEncoding = 4; lastKnownFileType = sourcecode.c.objc; name = CDLAbstractFieldEditController.m; path = "../CoreDataLibrary Application/Classes/CDLAbstractFieldEditController.m"; sourceTree = SOURCE_ROOT; };
		1EDCB5371173EB180077F121 /* CDLTextFieldEditController.m */ = {isa = PBXFileReference; fileEncoding = 4; lastKnownFileType = sourcecode.c.objc; name = CDLTextFieldEditController.m; path = "../CoreDataLibrary Application/Classes/CDLTextFieldEditController.m"; sourceTree = SOURCE_ROOT; };
		1EDCB5381173EB180077F121 /* CDLMultiLineTextFieldEditController.m */ = {isa = PBXFileReference; fileEncoding = 4; lastKnownFileType = sourcecode.c.objc; name = CDLMultiLineTextFieldEditController.m; path = "../CoreDataLibrary Application/Classes/CDLMultiLineTextFieldEditController.m"; sourceTree = SOURCE_ROOT; };
		1EDCB5391173EB180077F121 /* CDLAddViewController.m */ = {isa = PBXFileReference; fileEncoding = 4; lastKnownFileType = sourcecode.c.objc; name = CDLAddViewController.m; path = "../CoreDataLibrary Application/Classes/CDLAddViewController.m"; sourceTree = SOURCE_ROOT; };
		1EDCB53A1173EB180077F121 /* CDLRootViewController.m */ = {isa = PBXFileReference; fileEncoding = 4; lastKnownFileType = sourcecode.c.objc; name = CDLRootViewController.m; path = "../CoreDataLibrary Application/Classes/CDLRootViewController.m"; sourceTree = SOURCE_ROOT; };
		1EDCB53B1173EB180077F121 /* CDLDetailViewController.m */ = {isa = PBXFileReference; fileEncoding = 4; lastKnownFileType = sourcecode.c.objc; name = CDLDetailViewController.m; path = "../CoreDataLibrary Application/Classes/CDLDetailViewController.m"; sourceTree = SOURCE_ROOT; };
		1EDCB53C1173EB180077F121 /* CDLSingleLineTableRowController.m */ = {isa = PBXFileReference; fileEncoding = 4; lastKnownFileType = sourcecode.c.objc; name = CDLSingleLineTableRowController.m; path = "../CoreDataLibrary Application/Classes/CDLSingleLineTableRowController.m"; sourceTree = SOURCE_ROOT; };
		1EDCB53D1173EB180077F121 /* CDLMultiLineTableRowController.m */ = {isa = PBXFileReference; fileEncoding = 4; lastKnownFileType = sourcecode.c.objc; name = CDLMultiLineTableRowController.m; path = "../CoreDataLibrary Application/Classes/CDLMultiLineTableRowController.m"; sourceTree = SOURCE_ROOT; };
		1EDCB53E1173EB180077F121 /* CDLBooleanTableRowController.m */ = {isa = PBXFileReference; fileEncoding = 4; lastKnownFileType = sourcecode.c.objc; name = CDLBooleanTableRowController.m; path = "../CoreDataLibrary Application/Classes/CDLBooleanTableRowController.m"; sourceTree = SOURCE_ROOT; };
		1EDCB53F1173EB180077F121 /* CDLToManyOrderedRelationshipTableRowController.m */ = {isa = PBXFileReference; fileEncoding = 4; lastKnownFileType = sourcecode.c.objc; name = CDLToManyOrderedRelationshipTableRowController.m; path = "../CoreDataLibrary Application/Classes/CDLToManyOrderedRelationshipTableRowController.m"; sourceTree = SOURCE_ROOT; };
		1EDCB5401173EB180077F121 /* CDLToManyOrderedRelationshipAddTableRowController.m */ = {isa = PBXFileReference; fileEncoding = 4; lastKnownFileType = sourcecode.c.objc; name = CDLToManyOrderedRelationshipAddTableRowController.m; path = "../CoreDataLibrary Application/Classes/CDLToManyOrderedRelationshipAddTableRowController.m"; sourceTree = SOURCE_ROOT; };
		1EDCB5411173EB180077F121 /* CDLRelationshipTableRowController.m */ = {isa = PBXFileReference; fileEncoding = 4; lastKnownFileType = sourcecode.c.objc; name = CDLRelationshipTableRowController.m; path = "../CoreDataLibrary Application/Classes/CDLRelationshipTableRowController.m"; sourceTree = SOURCE_ROOT; };
		1EDCB5421173EB180077F121 /* CDLTableSectionController.m */ = {isa = PBXFileReference; fileEncoding = 4; lastKnownFileType = sourcecode.c.objc; name = CDLTableSectionController.m; path = "../CoreDataLibrary Application/Classes/CDLTableSectionController.m"; sourceTree = SOURCE_ROOT; };
		1EDCB5431173EB180077F121 /* CDLTableRowController.m */ = {isa = PBXFileReference; fileEncoding = 4; lastKnownFileType = sourcecode.c.objc; name = CDLTableRowController.m; path = "../CoreDataLibrary Application/Classes/CDLTableRowController.m"; sourceTree = SOURCE_ROOT; };
		1EDCB5441173EB180077F121 /* CDLToManyOrderedRelationshipSectionController.m */ = {isa = PBXFileReference; fileEncoding = 4; lastKnownFileType = sourcecode.c.objc; name = CDLToManyOrderedRelationshipSectionController.m; path = "../CoreDataLibrary Application/Classes/CDLToManyOrderedRelationshipSectionController.m"; sourceTree = SOURCE_ROOT; };
		28860B760F44E54D00985440 /* ToManyEvents.xcdatamodel */ = {isa = PBXFileReference; fileEncoding = 4; lastKnownFileType = wrapper.xcdatamodel; path = ToManyEvents.xcdatamodel; sourceTree = "<group>"; };
		28860BE40F44EE6400985440 /* CoreData.framework */ = {isa = PBXFileReference; lastKnownFileType = wrapper.framework; name = CoreData.framework; path = System/Library/Frameworks/CoreData.framework; sourceTree = SDKROOT; };
		2892E40F0DC94CBA00A64D0F /* CoreGraphics.framework */ = {isa = PBXFileReference; lastKnownFileType = wrapper.framework; name = CoreGraphics.framework; path = System/Library/Frameworks/CoreGraphics.framework; sourceTree = SDKROOT; };
		28A0AAE50D9B0CCF005BE974 /* ToManyEvents_Prefix.pch */ = {isa = PBXFileReference; fileEncoding = 4; lastKnownFileType = sourcecode.c.h; path = ToManyEvents_Prefix.pch; sourceTree = "<group>"; };
		28AD735F0D9D9599002E5188 /* MainWindow.xib */ = {isa = PBXFileReference; lastKnownFileType = file.xib; path = MainWindow.xib; sourceTree = "<group>"; };
		29B97316FDCFA39411CA2CEA /* main.m */ = {isa = PBXFileReference; fileEncoding = 4; lastKnownFileType = sourcecode.c.objc; path = main.m; sourceTree = "<group>"; };
		8D1107310486CEB800E47090 /* ToManyEvents-Info.plist */ = {isa = PBXFileReference; fileEncoding = 4; lastKnownFileType = text.plist.xml; path = "ToManyEvents-Info.plist"; plistStructureDefinitionIdentifier = "com.apple.xcode.plist.structure-definition.iphone.info-plist"; sourceTree = "<group>"; };
/* End PBXFileReference section */

/* Begin PBXFrameworksBuildPhase section */
		1D60588F0D05DD3D006BFB54 /* Frameworks */ = {
			isa = PBXFrameworksBuildPhase;
			buildActionMask = 2147483647;
			files = (
				1D60589F0D05DD5A006BFB54 /* Foundation.framework in Frameworks */,
				1DF5F4E00D08C38300B7A737 /* UIKit.framework in Frameworks */,
				2892E4100DC94CBA00A64D0F /* CoreGraphics.framework in Frameworks */,
				28860BE50F44EE6400985440 /* CoreData.framework in Frameworks */,
			);
			runOnlyForDeploymentPostprocessing = 0;
		};
/* End PBXFrameworksBuildPhase section */

/* Begin PBXGroup section */
		080E96DDFE201D6D7F000001 /* Classes */ = {
			isa = PBXGroup;
			children = (
				1EDCAA3A116D28210077F121 /* Event.h */,
				1EDCAA3B116D28210077F121 /* Event.m */,
				1EDCAA3C116D28210077F121 /* VIP.h */,
				1EDCAA3D116D28210077F121 /* VIP.m */,
				1EDCAA3E116D28210077F121 /* EventToVIP.h */,
				1EDCAA3F116D28210077F121 /* EventToVIP.m */,
				1EDCAE04116D72DB0077F121 /* CoreDataLibrary */,
				1D3623240D0F684500981E51 /* ToManyEventsAppDelegate.h */,
				1D3623250D0F684500981E51 /* ToManyEventsAppDelegate.m */,
			);
			path = Classes;
			sourceTree = "<group>";
		};
		19C28FACFE9D520D11CA2CBB /* Products */ = {
			isa = PBXGroup;
			children = (
				1D6058910D05DD3D006BFB54 /* ToManyEvents.app */,
			);
			name = Products;
			sourceTree = "<group>";
		};
		1EDCAE04116D72DB0077F121 /* CoreDataLibrary */ = {
			isa = PBXGroup;
			children = (
				1EDCB52C1173EB180077F121 /* Code */,
				1EDCB5221173EB180077F121 /* Field Edit Controllers */,
				1EDCB5161173EB180077F121 /* Row Controllers */,
				1EDCB5121173EB180077F121 /* Section Controllers */,
				1EDCB5091173EB180077F121 /* Utility Classes */,
				1EDCB5061173EB180077F121 /* CDLRootViewController.h */,
				1EDCB5071173EB180077F121 /* CDLDetailViewController.h */,
				1EDCB5081173EB180077F121 /* CDLAddViewController.h */,
				1EDCAE0E116D72DB0077F121 /* Data Classes */,
			);
			name = CoreDataLibrary;
			sourceTree = "<group>";
		};
		1EDCAE0E116D72DB0077F121 /* Data Classes */ = {
			isa = PBXGroup;
			children = (
				1EDCAE0F116D72DB0077F121 /* SynthesizeSingleton.h */,
				1EDCAE10116D72DB0077F121 /* DataController.h */,
				1EDCAE11116D72DB0077F121 /* DataController.m */,
				1EDCAE12116D72DB0077F121 /* NSManagedObjectContext+insert.h */,
				1EDCAE13116D72DB0077F121 /* NSManagedObjectContext+insert.m */,
				1EDCAE14116D72DB0077F121 /* CDLSectionBugFixProtocol.h */,
			);
			name = "Data Classes";
			sourceTree = "<group>";
		};
		1EDCB5091173EB180077F121 /* Utility Classes */ = {
			isa = PBXGroup;
			children = (
				1EDCB50A1173EB180077F121 /* UIColor+MoreColors.h */,
				1EDCB50B1173EB180077F121 /* UIColor+MoreColors.m */,
				1EDCB50C1173EB180077F121 /* NSArray+Set.h */,
				1EDCB50D1173EB180077F121 /* NSArray+Set.m */,
				1EDCB50E1173EB180077F121 /* NSManagedObject+TypeOfProperty.h */,
				1EDCB50F1173EB180077F121 /* NSManagedObject+TypeOfProperty.m */,
				1EDCB5101173EB180077F121 /* CDLUtilityMethods.h */,
				1EDCB5111173EB180077F121 /* CDLUtilityMethods.m */,
			);
			name = "Utility Classes";
			sourceTree = "<group>";
		};
		1EDCB5121173EB180077F121 /* Section Controllers */ = {
			isa = PBXGroup;
			children = (
				1EDCB5131173EB180077F121 /* CDLTableSectionController.h */,
				1EDCB5141173EB180077F121 /* CDLToManyOrderedRelationshipSectionController.h */,
				1EDCB5151173EB180077F121 /* CDLToManyRelationshipSectionController.h */,
			);
			name = "Section Controllers";
			sourceTree = "<group>";
		};
		1EDCB5161173EB180077F121 /* Row Controllers */ = {
			isa = PBXGroup;
			children = (
				1EDCB51C1173EB180077F121 /* toMany */,
				1EDCB5171173EB180077F121 /* CDLTableRowController.h */,
				1EDCB5181173EB180077F121 /* CDLRelationshipTableRowController.h */,
				1EDCB5191173EB180077F121 /* CDLSingleLineTableRowController.h */,
				1EDCB51A1173EB180077F121 /* CDLMultiLineTableRowController.h */,
				1EDCB51B1173EB180077F121 /* CDLBooleanTableRowController.h */,
			);
			name = "Row Controllers";
			sourceTree = "<group>";
		};
		1EDCB51C1173EB180077F121 /* toMany */ = {
			isa = PBXGroup;
			children = (
				1EDCB51D1173EB180077F121 /* CDLToManyOrderedRelationshipTableRowController.h */,
				1EDCB51E1173EB180077F121 /* CDLToManyOrderedRelationshipAddTableRowController.h */,
				1EDCB51F1173EB180077F121 /* CDLToManyRelationshipTableRowController.h */,
				1EDCB5201173EB180077F121 /* CDLToManyRelationshipAddExistingObjectsTableRowController.h */,
				1EDCB5211173EB180077F121 /* CDLToManyRelationshipAddNewObjectTableRowController.h */,
			);
			name = toMany;
			sourceTree = "<group>";
		};
		1EDCB5221173EB180077F121 /* Field Edit Controllers */ = {
			isa = PBXGroup;
			children = (
				1EDCB5281173EB180077F121 /* toMany */,
				1EDCB5231173EB180077F121 /* CDLAbstractFieldEditController.h */,
				1EDCB5241173EB180077F121 /* CDLTextFieldEditController.h */,
				1EDCB5251173EB180077F121 /* CDLMultiLineTextFieldEditController.h */,
				1EDCB5261173EB180077F121 /* CDLDateFieldEditController.h */,
				1EDCB5271173EB180077F121 /* CDLToOneRelationshipEditController.h */,
			);
			name = "Field Edit Controllers";
			sourceTree = "<group>";
		};
		1EDCB5281173EB180077F121 /* toMany */ = {
			isa = PBXGroup;
			children = (
				1EDCB5291173EB180077F121 /* CDLToManyOrderedRelationshipEditController.h */,
				1EDCB52A1173EB180077F121 /* CDLToManyRelationshipAddExistingObjectsEditController.h */,
				1EDCB52B1173EB180077F121 /* CDLToManyRelationshipAddNewObjectEditController.h */,
			);
			name = toMany;
			sourceTree = "<group>";
		};
		1EDCB52C1173EB180077F121 /* Code */ = {
			isa = PBXGroup;
			children = (
				1EDCB52D1173EB180077F121 /* CDLToManyRelationshipAddNewObjectTableRowController.m */,
				1EDCB52E1173EB180077F121 /* CDLToManyRelationshipAddNewObjectEditController.m */,
				1EDCB52F1173EB180077F121 /* CDLToManyRelationshipAddExistingObjectsEditController.m */,
				1EDCB5301173EB180077F121 /* CDLToManyRelationshipTableRowController.m */,
				1EDCB5311173EB180077F121 /* CDLToManyRelationshipAddExistingObjectsTableRowController.m */,
				1EDCB5321173EB180077F121 /* CDLToManyRelationshipSectionController.m */,
				1EDCB5331173EB180077F121 /* CDLToManyOrderedRelationshipEditController.m */,
				1EDCB5341173EB180077F121 /* CDLToOneRelationshipEditController.m */,
				1EDCB5351173EB180077F121 /* CDLDateFieldEditController.m */,
				1EDCB5361173EB180077F121 /* CDLAbstractFieldEditController.m */,
				1EDCB5371173EB180077F121 /* CDLTextFieldEditController.m */,
				1EDCB5381173EB180077F121 /* CDLMultiLineTextFieldEditController.m */,
				1EDCB5391173EB180077F121 /* CDLAddViewController.m */,
				1EDCB53A1173EB180077F121 /* CDLRootViewController.m */,
				1EDCB53B1173EB180077F121 /* CDLDetailViewController.m */,
				1EDCB53C1173EB180077F121 /* CDLSingleLineTableRowController.m */,
				1EDCB53D1173EB180077F121 /* CDLMultiLineTableRowController.m */,
				1EDCB53E1173EB180077F121 /* CDLBooleanTableRowController.m */,
				1EDCB53F1173EB180077F121 /* CDLToManyOrderedRelationshipTableRowController.m */,
				1EDCB5401173EB180077F121 /* CDLToManyOrderedRelationshipAddTableRowController.m */,
				1EDCB5411173EB180077F121 /* CDLRelationshipTableRowController.m */,
				1EDCB5421173EB180077F121 /* CDLTableSectionController.m */,
				1EDCB5431173EB180077F121 /* CDLTableRowController.m */,
				1EDCB5441173EB180077F121 /* CDLToManyOrderedRelationshipSectionController.m */,
			);
			name = Code;
			sourceTree = "<group>";
		};
		29B97314FDCFA39411CA2CEA /* CustomTemplate */ = {
			isa = PBXGroup;
			children = (
				080E96DDFE201D6D7F000001 /* Classes */,
				29B97315FDCFA39411CA2CEA /* Other Sources */,
				29B97317FDCFA39411CA2CEA /* Resources */,
				29B97323FDCFA39411CA2CEA /* Frameworks */,
				19C28FACFE9D520D11CA2CBB /* Products */,
			);
			name = CustomTemplate;
			sourceTree = "<group>";
		};
		29B97315FDCFA39411CA2CEA /* Other Sources */ = {
			isa = PBXGroup;
			children = (
				28A0AAE50D9B0CCF005BE974 /* ToManyEvents_Prefix.pch */,
				29B97316FDCFA39411CA2CEA /* main.m */,
			);
			name = "Other Sources";
			sourceTree = "<group>";
		};
		29B97317FDCFA39411CA2CEA /* Resources */ = {
			isa = PBXGroup;
			children = (
				28860B760F44E54D00985440 /* ToManyEvents.xcdatamodel */,
				28AD735F0D9D9599002E5188 /* MainWindow.xib */,
				1EDCACB1116D6CDE0077F121 /* ToManyEvents_InitialData.sqlite */,
				8D1107310486CEB800E47090 /* ToManyEvents-Info.plist */,
				1EDCA867116C07FF0077F121 /* ToManyEventsRootView.plist */,
				1EDCA868116C07FF0077F121 /* ToManyEventsDetailView.plist */,
				1EDCA742116C04C30077F121 /* green_checkmark_off.png */,
				1EDCA743116C04C30077F121 /* green_checkmark_on.png */,
			);
			name = Resources;
			sourceTree = "<group>";
		};
		29B97323FDCFA39411CA2CEA /* Frameworks */ = {
			isa = PBXGroup;
			children = (
				1DF5F4DF0D08C38300B7A737 /* UIKit.framework */,
				1D30AB110D05D00D00671497 /* Foundation.framework */,
				2892E40F0DC94CBA00A64D0F /* CoreGraphics.framework */,
				28860BE40F44EE6400985440 /* CoreData.framework */,
			);
			name = Frameworks;
			sourceTree = "<group>";
		};
/* End PBXGroup section */

/* Begin PBXNativeTarget section */
		1D6058900D05DD3D006BFB54 /* ToManyEvents */ = {
			isa = PBXNativeTarget;
			buildConfigurationList = 1D6058960D05DD3E006BFB54 /* Build configuration list for PBXNativeTarget "ToManyEvents" */;
			buildPhases = (
				1D60588D0D05DD3D006BFB54 /* Resources */,
				1D60588E0D05DD3D006BFB54 /* Sources */,
				1D60588F0D05DD3D006BFB54 /* Frameworks */,
			);
			buildRules = (
			);
			dependencies = (
			);
			name = ToManyEvents;
			productName = ToManyEvents;
			productReference = 1D6058910D05DD3D006BFB54 /* ToManyEvents.app */;
			productType = "com.apple.product-type.application";
		};
/* End PBXNativeTarget section */

/* Begin PBXProject section */
		29B97313FDCFA39411CA2CEA /* Project object */ = {
			isa = PBXProject;
			buildConfigurationList = C01FCF4E08A954540054247B /* Build configuration list for PBXProject "ToManyEvents" */;
			compatibilityVersion = "Xcode 3.1";
			hasScannedForEncodings = 1;
			knownRegions = (
				English,
				Japanese,
				French,
				German,
				en,
			);
			mainGroup = 29B97314FDCFA39411CA2CEA /* CustomTemplate */;
			projectDirPath = "";
			projectRoot = "";
			targets = (
				1D6058900D05DD3D006BFB54 /* ToManyEvents */,
			);
		};
/* End PBXProject section */

/* Begin PBXResourcesBuildPhase section */
		1D60588D0D05DD3D006BFB54 /* Resources */ = {
			isa = PBXResourcesBuildPhase;
			buildActionMask = 2147483647;
			files = (
				28AD73600D9D9599002E5188 /* MainWindow.xib in Resources */,
				1EDCA744116C04C30077F121 /* green_checkmark_off.png in Resources */,
				1EDCA745116C04C30077F121 /* green_checkmark_on.png in Resources */,
				1EDCA869116C07FF0077F121 /* ToManyEventsRootView.plist in Resources */,
				1EDCA86A116C07FF0077F121 /* ToManyEventsDetailView.plist in Resources */,
				1EDCACB2116D6CDE0077F121 /* ToManyEvents_InitialData.sqlite in Resources */,
			);
			runOnlyForDeploymentPostprocessing = 0;
		};
/* End PBXResourcesBuildPhase section */

/* Begin PBXSourcesBuildPhase section */
		1D60588E0D05DD3D006BFB54 /* Sources */ = {
			isa = PBXSourcesBuildPhase;
			buildActionMask = 2147483647;
			files = (
				1D60589B0D05DD56006BFB54 /* main.m in Sources */,
				1D3623260D0F684500981E51 /* ToManyEventsAppDelegate.m in Sources */,
				28860B770F44E54D00985440 /* ToManyEvents.xcdatamodel in Sources */,
				1EDCAA40116D28210077F121 /* Event.m in Sources */,
				1EDCAA41116D28210077F121 /* VIP.m in Sources */,
				1EDCAA42116D28210077F121 /* EventToVIP.m in Sources */,
				1EDCAE52116D72DB0077F121 /* DataController.m in Sources */,
				1EDCAE53116D72DB0077F121 /* NSManagedObjectContext+insert.m in Sources */,
				1EDCB5451173EB180077F121 /* UIColor+MoreColors.m in Sources */,
				1EDCB5461173EB180077F121 /* NSArray+Set.m in Sources */,
				1EDCB5471173EB180077F121 /* NSManagedObject+TypeOfProperty.m in Sources */,
				1EDCB5481173EB180077F121 /* CDLUtilityMethods.m in Sources */,
				1EDCB5491173EB180077F121 /* CDLToManyRelationshipAddNewObjectTableRowController.m in Sources */,
				1EDCB54A1173EB180077F121 /* CDLToManyRelationshipAddNewObjectEditController.m in Sources */,
				1EDCB54B1173EB180077F121 /* CDLToManyRelationshipAddExistingObjectsEditController.m in Sources */,
				1EDCB54C1173EB180077F121 /* CDLToManyRelationshipTableRowController.m in Sources */,
				1EDCB54D1173EB180077F121 /* CDLToManyRelationshipAddExistingObjectsTableRowController.m in Sources */,
				1EDCB54E1173EB180077F121 /* CDLToManyRelationshipSectionController.m in Sources */,
				1EDCB54F1173EB180077F121 /* CDLToManyOrderedRelationshipEditController.m in Sources */,
				1EDCB5501173EB180077F121 /* CDLToOneRelationshipEditController.m in Sources */,
				1EDCB5511173EB180077F121 /* CDLDateFieldEditController.m in Sources */,
				1EDCB5521173EB180077F121 /* CDLAbstractFieldEditController.m in Sources */,
				1EDCB5531173EB180077F121 /* CDLTextFieldEditController.m in Sources */,
				1EDCB5541173EB180077F121 /* CDLMultiLineTextFieldEditController.m in Sources */,
				1EDCB5551173EB180077F121 /* CDLAddViewController.m in Sources */,
				1EDCB5561173EB180077F121 /* CDLRootViewController.m in Sources */,
				1EDCB5571173EB180077F121 /* CDLDetailViewController.m in Sources */,
				1EDCB5581173EB180077F121 /* CDLSingleLineTableRowController.m in Sources */,
				1EDCB5591173EB180077F121 /* CDLMultiLineTableRowController.m in Sources */,
				1EDCB55A1173EB180077F121 /* CDLBooleanTableRowController.m in Sources */,
				1EDCB55B1173EB180077F121 /* CDLToManyOrderedRelationshipTableRowController.m in Sources */,
				1EDCB55C1173EB180077F121 /* CDLToManyOrderedRelationshipAddTableRowController.m in Sources */,
				1EDCB55D1173EB180077F121 /* CDLRelationshipTableRowController.m in Sources */,
				1EDCB55E1173EB180077F121 /* CDLTableSectionController.m in Sources */,
				1EDCB55F1173EB180077F121 /* CDLTableRowController.m in Sources */,
				1EDCB5601173EB180077F121 /* CDLToManyOrderedRelationshipSectionController.m in Sources */,
			);
			runOnlyForDeploymentPostprocessing = 0;
		};
/* End PBXSourcesBuildPhase section */

/* Begin XCBuildConfiguration section */
		1D6058940D05DD3E006BFB54 /* Debug */ = {
			isa = XCBuildConfiguration;
			buildSettings = {
				ALWAYS_SEARCH_USER_PATHS = NO;
				COPY_PHASE_STRIP = NO;
				GCC_DYNAMIC_NO_PIC = NO;
				GCC_OPTIMIZATION_LEVEL = 0;
				GCC_PRECOMPILE_PREFIX_HEADER = YES;
				GCC_PREFIX_HEADER = ToManyEvents_Prefix.pch;
				INFOPLIST_FILE = "ToManyEvents-Info.plist";
				PRODUCT_NAME = ToManyEvents;
			};
			name = Debug;
		};
		1D6058950D05DD3E006BFB54 /* Release */ = {
			isa = XCBuildConfiguration;
			buildSettings = {
				ALWAYS_SEARCH_USER_PATHS = NO;
				COPY_PHASE_STRIP = YES;
				GCC_PRECOMPILE_PREFIX_HEADER = YES;
				GCC_PREFIX_HEADER = ToManyEvents_Prefix.pch;
				INFOPLIST_FILE = "ToManyEvents-Info.plist";
				PRODUCT_NAME = ToManyEvents;
			};
			name = Release;
		};
		C01FCF4F08A954540054247B /* Debug */ = {
			isa = XCBuildConfiguration;
			buildSettings = {
				ARCHS = "$(ARCHS_STANDARD_32_BIT)";
				"CODE_SIGN_IDENTITY[sdk=iphoneos*]" = "iPhone Developer";
				GCC_C_LANGUAGE_STANDARD = c99;
				GCC_WARN_ABOUT_RETURN_TYPE = YES;
				GCC_WARN_UNUSED_VARIABLE = YES;
				PREBINDING = NO;
				SDKROOT = iphoneos3.1.3;
			};
			name = Debug;
		};
		C01FCF5008A954540054247B /* Release */ = {
			isa = XCBuildConfiguration;
			buildSettings = {
				ARCHS = "$(ARCHS_STANDARD_32_BIT)";
				"CODE_SIGN_IDENTITY[sdk=iphoneos*]" = "iPhone Developer";
				GCC_C_LANGUAGE_STANDARD = c99;
				GCC_WARN_ABOUT_RETURN_TYPE = YES;
				GCC_WARN_UNUSED_VARIABLE = YES;
				PREBINDING = NO;
				SDKROOT = iphoneos3.1.3;
			};
			name = Release;
		};
/* End XCBuildConfiguration section */

/* Begin XCConfigurationList section */
		1D6058960D05DD3E006BFB54 /* Build configuration list for PBXNativeTarget "ToManyEvents" */ = {
			isa = XCConfigurationList;
			buildConfigurations = (
				1D6058940D05DD3E006BFB54 /* Debug */,
				1D6058950D05DD3E006BFB54 /* Release */,
			);
			defaultConfigurationIsVisible = 0;
			defaultConfigurationName = Release;
		};
		C01FCF4E08A954540054247B /* Build configuration list for PBXProject "ToManyEvents" */ = {
			isa = XCConfigurationList;
			buildConfigurations = (
				C01FCF4F08A954540054247B /* Debug */,
				C01FCF5008A954540054247B /* Release */,
			);
			defaultConfigurationIsVisible = 0;
			defaultConfigurationName = Release;
		};
/* End XCConfigurationList section */
	};
	rootObject = 29B97313FDCFA39411CA2CEA /* Project object */;
}
